
Microsoft Visual Studio Solution File, Format Version 12.00
# Visual Studio 15
VisualStudioVersion = 15.0.26430.14
MinimumVisualStudioVersion = 10.0.40219.1
Project("{8BC9CEB8-8B4A-11D0-8D11-00A0C91BC942}") = "00_Utils", "00_Utils\00_Utils.vcxproj", "{EC414BA9-2328-474F-B9BB-8373F0EFB951}"
EndProject
Project("{8BC9CEB8-8B4A-11D0-8D11-00A0C91BC942}") = "18_FunctionPointers", "12_FunctionPointers\12_FunctionPointers.vcxproj", "{E582F33D-747C-4845-91D2-7D6E029EEC55}"
EndProject
Project("{8BC9CEB8-8B4A-11D0-8D11-00A0C91BC942}") = "19_UsingFunctionPointers", "13_UsingFunctionPointers\13_UsingFunctionPointers.vcxproj", "{E84E18F3-F662-4EBD-9EDF-40635C56706F}"
EndProject
Project("{8BC9CEB8-8B4A-11D0-8D11-00A0C91BC942}") = "20_Functors", "16_Functors\16_Functors.vcxproj", "{BBDDCF6D-DCFD-45F3-9A46-5099CC8FC92D}"
EndProject
Project("{8BC9CEB8-8B4A-11D0-8D11-00A0C91BC942}") = "21_Lambdas", "17_Lambdas\17_Lambdas.vcxproj", "{8A2F5679-FD0F-4471-BE41-C62CF4F67A92}"
EndProject
Project("{8BC9CEB8-8B4A-11D0-8D11-00A0C91BC942}") = "22_LambdasParametersAndReturnType", "18_LambdasParametersAndReturnType\18_LambdasParametersAndReturnType.vcxproj", "{BAD8A685-0C00-4308-8DAD-30D4463AF8F0}"
EndProject
Project("{8BC9CEB8-8B4A-11D0-8D11-00A0C91BC942}") = "23_LambdaCaptureExpression", "19_LambdaCaptureExpression\19_LambdaCaptureExpression.vcxproj", "{ED6BB841-A493-416C-8CBE-13947F6ADE6F}"
EndProject
Project("{8BC9CEB8-8B4A-11D0-8D11-00A0C91BC942}") = "24_LambdaCaptureThis", "20_LambdaCaptureThis\20_LambdaCaptureThis.vcxproj", "{78D9A4E2-68FC-41C8-980B-0969D1A07AEB}"
EndProject
Project("{8BC9CEB8-8B4A-11D0-8D11-00A0C91BC942}") = "25_MutableLambdas", "21_MutableLambdas\21_MutableLambdas.vcxproj", "{F0E8EE51-EDE9-4B22-977A-7B62F8FF8259}"
EndProject
Project("{8BC9CEB8-8B4A-11D0-8D11-00A0C91BC942}") = "26_GenericLambdas", "22_GenericLambdas\22_GenericLambdas.vcxproj", "{ECB498BC-7710-4018-8200-15A88C91CB51}"
EndProject
Project("{8BC9CEB8-8B4A-11D0-8D11-00A0C91BC942}") = "27_InitializedLambdaCaptures", "23_InitializedLambdaCaptures\23_InitializedLambdaCaptures.vcxproj", "{694BA8DE-E21C-49B7-BB91-483A436F737F}"
EndProject
Project("{8BC9CEB8-8B4A-11D0-8D11-00A0C91BC942}") = "17_decltypeTypeidAndNameMangling", "24_decltypeTypeidAndNameMangling\24_decltypeTypeidAndNameMangling.vcxproj", "{3970F0A5-B49D-462C-8241-45714231382A}"
EndProject
Project("{8BC9CEB8-8B4A-11D0-8D11-00A0C91BC942}") = "03_autoKeyword", "25_autoKeyword\25_autoKeyword.vcxproj", "{DE9568C9-FA65-4F18-906F-B2D01772DDA7}"
EndProject
Project("{8BC9CEB8-8B4A-11D0-8D11-00A0C91BC942}") = "04_RangeBasedLoops", "26_RangeBasedLoops\26_RangeBasedLoops.vcxproj", "{9EDFEDF2-F743-4B37-9BF8-13CB8426B350}"
EndProject
Project("{8BC9CEB8-8B4A-11D0-8D11-00A0C91BC942}") = "01_UniformInitialization", "27_InitializerList\27_InitializerList.vcxproj", "{4477C35E-67DF-42BE-A848-0A3EDED81F44}"
EndProject
Project("{8BC9CEB8-8B4A-11D0-8D11-00A0C91BC942}") = "02_InitializerList", "28_InitializerList\28_InitializerList.vcxproj", "{411BB011-5642-4A01-B7C0-75CB2C32198B}"
EndProject
Project("{8BC9CEB8-8B4A-11D0-8D11-00A0C91BC942}") = "09_DelegatingConstructorsAndOverride", "29_override\29_override.vcxproj", "{95A22AD6-B874-45D7-9ED2-80EF3B43755D}"
EndProject
Project("{8BC9CEB8-8B4A-11D0-8D11-00A0C91BC942}") = "10_finalMethodsAndClasses", "30_finalMethodsAndClasses\30_finalMethodsAndClasses.vcxproj", "{E33C2AC6-5EEC-40ED-8514-1184A7C3802D}"
EndProject
Project("{8BC9CEB8-8B4A-11D0-8D11-00A0C91BC942}") = "11_TheDeleteKeyword", "31_TheDeleteKeyword\31_TheDeleteKeyword.vcxproj", "{B42F5F7F-C2E1-4284-89B7-45A38FDD20F4}"
EndProject
Project("{8BC9CEB8-8B4A-11D0-8D11-00A0C91BC942}") = "05_nullptr", "32_nullptr\32_nullptr.vcxproj", "{3EF4C6D2-319A-47B7-88B5-4198BBF0DA93}"
EndProject
Project("{8BC9CEB8-8B4A-11D0-8D11-00A0C91BC942}") = "06_StronglyTypedEnums", "33_StronglyTypedEnums\33_StronglyTypedEnums.vcxproj", "{C2DEFD1C-9648-4A38-97F2-5FBEEC5FC655}"
EndProject
Project("{8BC9CEB8-8B4A-11D0-8D11-00A0C91BC942}") = "12_constexprSpecifier", "34_constexprSpecifier\34_constexprSpecifier.vcxproj", "{43275F3E-2322-4F46-A3A9-E0DBFFD58D50}"
EndProject
Project("{8BC9CEB8-8B4A-11D0-8D11-00A0C91BC942}") = "13_ImprovedStringLiterals", "35_ImprovedStringLiterals\35_ImprovedStringLiterals.vcxproj", "{6B50337A-2A87-404C-83CC-0A7AB91E1835}"
EndProject
Project("{8BC9CEB8-8B4A-11D0-8D11-00A0C91BC942}") = "14_UserDefinedLiterals", "36_UserDefinedLiterals\36_UserDefinedLiterals.vcxproj", "{69604A18-65CB-4DA7-AC52-1F8EED144775}"
EndProject
Project("{8BC9CEB8-8B4A-11D0-8D11-00A0C91BC942}") = "07_StaticAssert", "37_StaticAssert\37_StaticAssert.vcxproj", "{C29F29CE-6240-4AB0-B9EA-9C26AAE0B36F}"
	ProjectSection(ProjectDependencies) = postProject
		{EC414BA9-2328-474F-B9BB-8373F0EFB951} = {EC414BA9-2328-474F-B9BB-8373F0EFB951}
	EndProjectSection
EndProject
Project("{8BC9CEB8-8B4A-11D0-8D11-00A0C91BC942}") = "28_StandardBind", "38_StandardBind\38_StandardBind.vcxproj", "{BA032299-7AB9-4630-A9E3-41AB08E21004}"
EndProject
Project("{8BC9CEB8-8B4A-11D0-8D11-00A0C91BC942}") = "29_MultithreadingAndConcurrency", "39_MultithreadingAndConcurrency\39_MultithreadingAndConcurrency.vcxproj", "{ABB4FA2A-6ADD-4B24-8556-A2DAD897168E}"
	ProjectSection(ProjectDependencies) = postProject
		{EC414BA9-2328-474F-B9BB-8373F0EFB951} = {EC414BA9-2328-474F-B9BB-8373F0EFB951}
	EndProjectSection
EndProject
Project("{8BC9CEB8-8B4A-11D0-8D11-00A0C91BC942}") = "31_MultithreadingAtomics", "40_MultithreadingAtomics\40_MultithreadingAtomics.vcxproj", "{435684C5-F0CF-48AA-9182-086041B3C119}"
	ProjectSection(ProjectDependencies) = postProject
		{EC414BA9-2328-474F-B9BB-8373F0EFB951} = {EC414BA9-2328-474F-B9BB-8373F0EFB951}
	EndProjectSection
EndProject
Project("{8BC9CEB8-8B4A-11D0-8D11-00A0C91BC942}") = "33_MultithreadingFutureAndPromise", "41_MultithreadingFutureAndPromise\41_MultithreadingFutureAndPromise.vcxproj", "{77A2B7B1-BE37-4E4B-A12C-AC022B4F70E7}"
EndProject
Project("{8BC9CEB8-8B4A-11D0-8D11-00A0C91BC942}") = "34_MultithreadingPackagedTasks", "42_MultithreadingPackagedTasks\42_MultithreadingPackagedTasks.vcxproj", "{18EA9470-43BD-4847-984D-9EFC2AFEF48A}"
EndProject
Project("{8BC9CEB8-8B4A-11D0-8D11-00A0C91BC942}") = "35_MultithreadingAsync", "43_MultithreadingAsync\43_MultithreadingAsync.vcxproj", "{70CBAC14-A815-443F-B223-9337CEBE6776}"
EndProject
Project("{8BC9CEB8-8B4A-11D0-8D11-00A0C91BC942}") = "36_UniquePointers", "44_UniquePointers\44_UniquePointers.vcxproj", "{1DC9E289-EBCD-404B-B9E3-1CC485F90311}"
EndProject
Project("{8BC9CEB8-8B4A-11D0-8D11-00A0C91BC942}") = "37_SharedPointers", "45_SharedPointers\45_SharedPointers.vcxproj", "{607907CB-8FFB-45FA-ACBA-75F78EEB11E4}"
EndProject
Project("{8BC9CEB8-8B4A-11D0-8D11-00A0C91BC942}") = "38_WeakPointers", "46_WeakPointers\46_WeakPointers.vcxproj", "{2347EE8B-94FB-4DA6-8AC7-CE053ED8D8C8}"
EndProject
Project("{8BC9CEB8-8B4A-11D0-8D11-00A0C91BC942}") = "15_TemplateClassesAndFunction", "47_Templates\47_Templates.vcxproj", "{3189A454-3E0A-4171-82AC-CA4B422812E2}"
EndProject
Project("{8BC9CEB8-8B4A-11D0-8D11-00A0C91BC942}") = "39_Casts", "48_Casts\48_Casts.vcxproj", "{250F7ACE-9104-4D42-A1EB-968AE01336D0}"
EndProject
Project("{8BC9CEB8-8B4A-11D0-8D11-00A0C91BC942}") = "08_ReturnTypeDeduction", "49_ReturnTypeDeduction\49_ReturnTypeDeduction.vcxproj", "{A0DB14C4-C8AD-45A3-B6D2-AD4E06A03885}"
EndProject
Project("{8BC9CEB8-8B4A-11D0-8D11-00A0C91BC942}") = "40_RValuesAndLValues", "50_RValuesAndLValues\50_RValuesAndLValues.vcxproj", "{DA95E55C-FE7C-404E-945E-7E18EDFC999A}"
EndProject
Project("{8BC9CEB8-8B4A-11D0-8D11-00A0C91BC942}") = "41_LValue References", "51_LValue References\51_LValue References.vcxproj", "{B621EF1E-9A16-413D-B8B1-F738FDE28532}"
EndProject
Project("{8BC9CEB8-8B4A-11D0-8D11-00A0C91BC942}") = "42_RValueReferences", "52_RValueReferences\52_RValueReferences.vcxproj", "{064D13C7-1509-486B-8926-1D2429A0FAB0}"
EndProject
Project("{8BC9CEB8-8B4A-11D0-8D11-00A0C91BC942}") = "43_MoveConstructorAndMoveAssignmentOperator", "53_MoveConstructorAndMoveAssignmentOperator\53_MoveConstructorAndMoveAssignmentOperator.vcxproj", "{E3A1EBD8-02B4-4FA7-82F9-EFA02CE299FD}"
EndProject
Project("{8BC9CEB8-8B4A-11D0-8D11-00A0C91BC942}") = "44_PerfectForwarding", "54_PerfectForwarding\54_PerfectForwarding.vcxproj", "{C930308F-338A-4982-8308-EF337B58D975}"
EndProject
Project("{8BC9CEB8-8B4A-11D0-8D11-00A0C91BC942}") = "16_VariadicTemplates", "47_VariadicTemplates\47_VariadicTemplates.vcxproj", "{B3C5D1F7-C0BA-4D40-84BA-9B2350F7C5BD}"
EndProject
Project("{8BC9CEB8-8B4A-11D0-8D11-00A0C91BC942}") = "45_MiscC++11", "56_MiscC++11\56_MiscC++11.vcxproj", "{A0316DBC-0ECB-4053-AF53-D7698DE93715}"
EndProject
Project("{8BC9CEB8-8B4A-11D0-8D11-00A0C91BC942}") = "32_MultithreadingAtomicsLockFree", "40_MultithreadingAtomicsLockFree\40_MultithreadingAtomicsLockFree.vcxproj", "{EBFB30AE-5762-4DBF-8029-1AE936074FFE}"
EndProject
Project("{8BC9CEB8-8B4A-11D0-8D11-00A0C91BC942}") = "30_MultithreadingAndConcurrencyTimeProtection", "39_MultithreadingAndConcurrencyTimeProtection\39_MultithreadingAndConcurrencyTimeProtection.vcxproj", "{BED2EF15-0D02-4359-B7BF-C532BC9A7486}"
	ProjectSection(ProjectDependencies) = postProject
		{EC414BA9-2328-474F-B9BB-8373F0EFB951} = {EC414BA9-2328-474F-B9BB-8373F0EFB951}
	EndProjectSection
EndProject
Project("{8BC9CEB8-8B4A-11D0-8D11-00A0C91BC942}") = "31_MultithreadingAndConcurrencyExceptions", "31_MultithreadingAndConcurrencyExceptions\31_MultithreadingAndConcurrencyExceptions.vcxproj", "{18AC76E3-8523-492D-A43A-12EA5725EC03}"
EndProject
Global
	GlobalSection(SolutionConfigurationPlatforms) = preSolution
		Debug|x64 = Debug|x64
		Debug|x86 = Debug|x86
		Release|x64 = Release|x64
		Release|x86 = Release|x86
	EndGlobalSection
	GlobalSection(ProjectConfigurationPlatforms) = postSolution
		{EC414BA9-2328-474F-B9BB-8373F0EFB951}.Debug|x64.ActiveCfg = Debug|x64
		{EC414BA9-2328-474F-B9BB-8373F0EFB951}.Debug|x64.Build.0 = Debug|x64
		{EC414BA9-2328-474F-B9BB-8373F0EFB951}.Debug|x86.ActiveCfg = Debug|Win32
		{EC414BA9-2328-474F-B9BB-8373F0EFB951}.Debug|x86.Build.0 = Debug|Win32
		{EC414BA9-2328-474F-B9BB-8373F0EFB951}.Release|x64.ActiveCfg = Release|x64
		{EC414BA9-2328-474F-B9BB-8373F0EFB951}.Release|x64.Build.0 = Release|x64
		{EC414BA9-2328-474F-B9BB-8373F0EFB951}.Release|x86.ActiveCfg = Release|Win32
		{EC414BA9-2328-474F-B9BB-8373F0EFB951}.Release|x86.Build.0 = Release|Win32
		{E582F33D-747C-4845-91D2-7D6E029EEC55}.Debug|x64.ActiveCfg = Debug|x64
		{E582F33D-747C-4845-91D2-7D6E029EEC55}.Debug|x64.Build.0 = Debug|x64
		{E582F33D-747C-4845-91D2-7D6E029EEC55}.Debug|x86.ActiveCfg = Debug|Win32
		{E582F33D-747C-4845-91D2-7D6E029EEC55}.Debug|x86.Build.0 = Debug|Win32
		{E582F33D-747C-4845-91D2-7D6E029EEC55}.Release|x64.ActiveCfg = Release|x64
		{E582F33D-747C-4845-91D2-7D6E029EEC55}.Release|x64.Build.0 = Release|x64
		{E582F33D-747C-4845-91D2-7D6E029EEC55}.Release|x86.ActiveCfg = Release|Win32
		{E582F33D-747C-4845-91D2-7D6E029EEC55}.Release|x86.Build.0 = Release|Win32
		{E84E18F3-F662-4EBD-9EDF-40635C56706F}.Debug|x64.ActiveCfg = Debug|x64
		{E84E18F3-F662-4EBD-9EDF-40635C56706F}.Debug|x64.Build.0 = Debug|x64
		{E84E18F3-F662-4EBD-9EDF-40635C56706F}.Debug|x86.ActiveCfg = Debug|Win32
		{E84E18F3-F662-4EBD-9EDF-40635C56706F}.Debug|x86.Build.0 = Debug|Win32
		{E84E18F3-F662-4EBD-9EDF-40635C56706F}.Release|x64.ActiveCfg = Release|x64
		{E84E18F3-F662-4EBD-9EDF-40635C56706F}.Release|x64.Build.0 = Release|x64
		{E84E18F3-F662-4EBD-9EDF-40635C56706F}.Release|x86.ActiveCfg = Release|Win32
		{E84E18F3-F662-4EBD-9EDF-40635C56706F}.Release|x86.Build.0 = Release|Win32
		{BBDDCF6D-DCFD-45F3-9A46-5099CC8FC92D}.Debug|x64.ActiveCfg = Debug|x64
		{BBDDCF6D-DCFD-45F3-9A46-5099CC8FC92D}.Debug|x64.Build.0 = Debug|x64
		{BBDDCF6D-DCFD-45F3-9A46-5099CC8FC92D}.Debug|x86.ActiveCfg = Debug|Win32
		{BBDDCF6D-DCFD-45F3-9A46-5099CC8FC92D}.Debug|x86.Build.0 = Debug|Win32
		{BBDDCF6D-DCFD-45F3-9A46-5099CC8FC92D}.Release|x64.ActiveCfg = Release|x64
		{BBDDCF6D-DCFD-45F3-9A46-5099CC8FC92D}.Release|x64.Build.0 = Release|x64
		{BBDDCF6D-DCFD-45F3-9A46-5099CC8FC92D}.Release|x86.ActiveCfg = Release|Win32
		{BBDDCF6D-DCFD-45F3-9A46-5099CC8FC92D}.Release|x86.Build.0 = Release|Win32
		{8A2F5679-FD0F-4471-BE41-C62CF4F67A92}.Debug|x64.ActiveCfg = Debug|x64
		{8A2F5679-FD0F-4471-BE41-C62CF4F67A92}.Debug|x64.Build.0 = Debug|x64
		{8A2F5679-FD0F-4471-BE41-C62CF4F67A92}.Debug|x86.ActiveCfg = Debug|Win32
		{8A2F5679-FD0F-4471-BE41-C62CF4F67A92}.Debug|x86.Build.0 = Debug|Win32
		{8A2F5679-FD0F-4471-BE41-C62CF4F67A92}.Release|x64.ActiveCfg = Release|x64
		{8A2F5679-FD0F-4471-BE41-C62CF4F67A92}.Release|x64.Build.0 = Release|x64
		{8A2F5679-FD0F-4471-BE41-C62CF4F67A92}.Release|x86.ActiveCfg = Release|Win32
		{8A2F5679-FD0F-4471-BE41-C62CF4F67A92}.Release|x86.Build.0 = Release|Win32
		{BAD8A685-0C00-4308-8DAD-30D4463AF8F0}.Debug|x64.ActiveCfg = Debug|x64
		{BAD8A685-0C00-4308-8DAD-30D4463AF8F0}.Debug|x64.Build.0 = Debug|x64
		{BAD8A685-0C00-4308-8DAD-30D4463AF8F0}.Debug|x86.ActiveCfg = Debug|Win32
		{BAD8A685-0C00-4308-8DAD-30D4463AF8F0}.Debug|x86.Build.0 = Debug|Win32
		{BAD8A685-0C00-4308-8DAD-30D4463AF8F0}.Release|x64.ActiveCfg = Release|x64
		{BAD8A685-0C00-4308-8DAD-30D4463AF8F0}.Release|x64.Build.0 = Release|x64
		{BAD8A685-0C00-4308-8DAD-30D4463AF8F0}.Release|x86.ActiveCfg = Release|Win32
		{BAD8A685-0C00-4308-8DAD-30D4463AF8F0}.Release|x86.Build.0 = Release|Win32
		{ED6BB841-A493-416C-8CBE-13947F6ADE6F}.Debug|x64.ActiveCfg = Debug|x64
		{ED6BB841-A493-416C-8CBE-13947F6ADE6F}.Debug|x64.Build.0 = Debug|x64
		{ED6BB841-A493-416C-8CBE-13947F6ADE6F}.Debug|x86.ActiveCfg = Debug|Win32
		{ED6BB841-A493-416C-8CBE-13947F6ADE6F}.Debug|x86.Build.0 = Debug|Win32
		{ED6BB841-A493-416C-8CBE-13947F6ADE6F}.Release|x64.ActiveCfg = Release|x64
		{ED6BB841-A493-416C-8CBE-13947F6ADE6F}.Release|x64.Build.0 = Release|x64
		{ED6BB841-A493-416C-8CBE-13947F6ADE6F}.Release|x86.ActiveCfg = Release|Win32
		{ED6BB841-A493-416C-8CBE-13947F6ADE6F}.Release|x86.Build.0 = Release|Win32
		{78D9A4E2-68FC-41C8-980B-0969D1A07AEB}.Debug|x64.ActiveCfg = Debug|x64
		{78D9A4E2-68FC-41C8-980B-0969D1A07AEB}.Debug|x64.Build.0 = Debug|x64
		{78D9A4E2-68FC-41C8-980B-0969D1A07AEB}.Debug|x86.ActiveCfg = Debug|Win32
		{78D9A4E2-68FC-41C8-980B-0969D1A07AEB}.Debug|x86.Build.0 = Debug|Win32
		{78D9A4E2-68FC-41C8-980B-0969D1A07AEB}.Release|x64.ActiveCfg = Release|x64
		{78D9A4E2-68FC-41C8-980B-0969D1A07AEB}.Release|x64.Build.0 = Release|x64
		{78D9A4E2-68FC-41C8-980B-0969D1A07AEB}.Release|x86.ActiveCfg = Release|Win32
		{78D9A4E2-68FC-41C8-980B-0969D1A07AEB}.Release|x86.Build.0 = Release|Win32
		{F0E8EE51-EDE9-4B22-977A-7B62F8FF8259}.Debug|x64.ActiveCfg = Debug|x64
		{F0E8EE51-EDE9-4B22-977A-7B62F8FF8259}.Debug|x64.Build.0 = Debug|x64
		{F0E8EE51-EDE9-4B22-977A-7B62F8FF8259}.Debug|x86.ActiveCfg = Debug|Win32
		{F0E8EE51-EDE9-4B22-977A-7B62F8FF8259}.Debug|x86.Build.0 = Debug|Win32
		{F0E8EE51-EDE9-4B22-977A-7B62F8FF8259}.Release|x64.ActiveCfg = Release|x64
		{F0E8EE51-EDE9-4B22-977A-7B62F8FF8259}.Release|x64.Build.0 = Release|x64
		{F0E8EE51-EDE9-4B22-977A-7B62F8FF8259}.Release|x86.ActiveCfg = Release|Win32
		{F0E8EE51-EDE9-4B22-977A-7B62F8FF8259}.Release|x86.Build.0 = Release|Win32
		{ECB498BC-7710-4018-8200-15A88C91CB51}.Debug|x64.ActiveCfg = Debug|x64
		{ECB498BC-7710-4018-8200-15A88C91CB51}.Debug|x64.Build.0 = Debug|x64
		{ECB498BC-7710-4018-8200-15A88C91CB51}.Debug|x86.ActiveCfg = Debug|Win32
		{ECB498BC-7710-4018-8200-15A88C91CB51}.Debug|x86.Build.0 = Debug|Win32
		{ECB498BC-7710-4018-8200-15A88C91CB51}.Release|x64.ActiveCfg = Release|x64
		{ECB498BC-7710-4018-8200-15A88C91CB51}.Release|x64.Build.0 = Release|x64
		{ECB498BC-7710-4018-8200-15A88C91CB51}.Release|x86.ActiveCfg = Release|Win32
		{ECB498BC-7710-4018-8200-15A88C91CB51}.Release|x86.Build.0 = Release|Win32
		{694BA8DE-E21C-49B7-BB91-483A436F737F}.Debug|x64.ActiveCfg = Debug|x64
		{694BA8DE-E21C-49B7-BB91-483A436F737F}.Debug|x64.Build.0 = Debug|x64
		{694BA8DE-E21C-49B7-BB91-483A436F737F}.Debug|x86.ActiveCfg = Debug|Win32
		{694BA8DE-E21C-49B7-BB91-483A436F737F}.Debug|x86.Build.0 = Debug|Win32
		{694BA8DE-E21C-49B7-BB91-483A436F737F}.Release|x64.ActiveCfg = Release|x64
		{694BA8DE-E21C-49B7-BB91-483A436F737F}.Release|x64.Build.0 = Release|x64
		{694BA8DE-E21C-49B7-BB91-483A436F737F}.Release|x86.ActiveCfg = Release|Win32
		{694BA8DE-E21C-49B7-BB91-483A436F737F}.Release|x86.Build.0 = Release|Win32
		{3970F0A5-B49D-462C-8241-45714231382A}.Debug|x64.ActiveCfg = Debug|x64
		{3970F0A5-B49D-462C-8241-45714231382A}.Debug|x64.Build.0 = Debug|x64
		{3970F0A5-B49D-462C-8241-45714231382A}.Debug|x86.ActiveCfg = Debug|Win32
		{3970F0A5-B49D-462C-8241-45714231382A}.Debug|x86.Build.0 = Debug|Win32
		{3970F0A5-B49D-462C-8241-45714231382A}.Release|x64.ActiveCfg = Release|x64
		{3970F0A5-B49D-462C-8241-45714231382A}.Release|x64.Build.0 = Release|x64
		{3970F0A5-B49D-462C-8241-45714231382A}.Release|x86.ActiveCfg = Release|Win32
		{3970F0A5-B49D-462C-8241-45714231382A}.Release|x86.Build.0 = Release|Win32
		{DE9568C9-FA65-4F18-906F-B2D01772DDA7}.Debug|x64.ActiveCfg = Debug|x64
		{DE9568C9-FA65-4F18-906F-B2D01772DDA7}.Debug|x64.Build.0 = Debug|x64
		{DE9568C9-FA65-4F18-906F-B2D01772DDA7}.Debug|x86.ActiveCfg = Debug|Win32
		{DE9568C9-FA65-4F18-906F-B2D01772DDA7}.Debug|x86.Build.0 = Debug|Win32
		{DE9568C9-FA65-4F18-906F-B2D01772DDA7}.Release|x64.ActiveCfg = Release|x64
		{DE9568C9-FA65-4F18-906F-B2D01772DDA7}.Release|x64.Build.0 = Release|x64
		{DE9568C9-FA65-4F18-906F-B2D01772DDA7}.Release|x86.ActiveCfg = Release|Win32
		{DE9568C9-FA65-4F18-906F-B2D01772DDA7}.Release|x86.Build.0 = Release|Win32
		{9EDFEDF2-F743-4B37-9BF8-13CB8426B350}.Debug|x64.ActiveCfg = Debug|x64
		{9EDFEDF2-F743-4B37-9BF8-13CB8426B350}.Debug|x64.Build.0 = Debug|x64
		{9EDFEDF2-F743-4B37-9BF8-13CB8426B350}.Debug|x86.ActiveCfg = Debug|Win32
		{9EDFEDF2-F743-4B37-9BF8-13CB8426B350}.Debug|x86.Build.0 = Debug|Win32
		{9EDFEDF2-F743-4B37-9BF8-13CB8426B350}.Release|x64.ActiveCfg = Release|x64
		{9EDFEDF2-F743-4B37-9BF8-13CB8426B350}.Release|x64.Build.0 = Release|x64
		{9EDFEDF2-F743-4B37-9BF8-13CB8426B350}.Release|x86.ActiveCfg = Release|Win32
		{9EDFEDF2-F743-4B37-9BF8-13CB8426B350}.Release|x86.Build.0 = Release|Win32
		{4477C35E-67DF-42BE-A848-0A3EDED81F44}.Debug|x64.ActiveCfg = Debug|x64
		{4477C35E-67DF-42BE-A848-0A3EDED81F44}.Debug|x64.Build.0 = Debug|x64
		{4477C35E-67DF-42BE-A848-0A3EDED81F44}.Debug|x86.ActiveCfg = Debug|Win32
		{4477C35E-67DF-42BE-A848-0A3EDED81F44}.Debug|x86.Build.0 = Debug|Win32
		{4477C35E-67DF-42BE-A848-0A3EDED81F44}.Release|x64.ActiveCfg = Release|x64
		{4477C35E-67DF-42BE-A848-0A3EDED81F44}.Release|x64.Build.0 = Release|x64
		{4477C35E-67DF-42BE-A848-0A3EDED81F44}.Release|x86.ActiveCfg = Release|Win32
		{4477C35E-67DF-42BE-A848-0A3EDED81F44}.Release|x86.Build.0 = Release|Win32
		{411BB011-5642-4A01-B7C0-75CB2C32198B}.Debug|x64.ActiveCfg = Debug|x64
		{411BB011-5642-4A01-B7C0-75CB2C32198B}.Debug|x64.Build.0 = Debug|x64
		{411BB011-5642-4A01-B7C0-75CB2C32198B}.Debug|x86.ActiveCfg = Debug|Win32
		{411BB011-5642-4A01-B7C0-75CB2C32198B}.Debug|x86.Build.0 = Debug|Win32
		{411BB011-5642-4A01-B7C0-75CB2C32198B}.Release|x64.ActiveCfg = Release|x64
		{411BB011-5642-4A01-B7C0-75CB2C32198B}.Release|x64.Build.0 = Release|x64
		{411BB011-5642-4A01-B7C0-75CB2C32198B}.Release|x86.ActiveCfg = Release|Win32
		{411BB011-5642-4A01-B7C0-75CB2C32198B}.Release|x86.Build.0 = Release|Win32
		{95A22AD6-B874-45D7-9ED2-80EF3B43755D}.Debug|x64.ActiveCfg = Debug|x64
		{95A22AD6-B874-45D7-9ED2-80EF3B43755D}.Debug|x64.Build.0 = Debug|x64
		{95A22AD6-B874-45D7-9ED2-80EF3B43755D}.Debug|x86.ActiveCfg = Debug|Win32
		{95A22AD6-B874-45D7-9ED2-80EF3B43755D}.Debug|x86.Build.0 = Debug|Win32
		{95A22AD6-B874-45D7-9ED2-80EF3B43755D}.Release|x64.ActiveCfg = Release|x64
		{95A22AD6-B874-45D7-9ED2-80EF3B43755D}.Release|x64.Build.0 = Release|x64
		{95A22AD6-B874-45D7-9ED2-80EF3B43755D}.Release|x86.ActiveCfg = Release|Win32
		{95A22AD6-B874-45D7-9ED2-80EF3B43755D}.Release|x86.Build.0 = Release|Win32
		{E33C2AC6-5EEC-40ED-8514-1184A7C3802D}.Debug|x64.ActiveCfg = Debug|x64
		{E33C2AC6-5EEC-40ED-8514-1184A7C3802D}.Debug|x64.Build.0 = Debug|x64
		{E33C2AC6-5EEC-40ED-8514-1184A7C3802D}.Debug|x86.ActiveCfg = Debug|Win32
		{E33C2AC6-5EEC-40ED-8514-1184A7C3802D}.Debug|x86.Build.0 = Debug|Win32
		{E33C2AC6-5EEC-40ED-8514-1184A7C3802D}.Release|x64.ActiveCfg = Release|x64
		{E33C2AC6-5EEC-40ED-8514-1184A7C3802D}.Release|x64.Build.0 = Release|x64
		{E33C2AC6-5EEC-40ED-8514-1184A7C3802D}.Release|x86.ActiveCfg = Release|Win32
		{E33C2AC6-5EEC-40ED-8514-1184A7C3802D}.Release|x86.Build.0 = Release|Win32
		{B42F5F7F-C2E1-4284-89B7-45A38FDD20F4}.Debug|x64.ActiveCfg = Debug|x64
		{B42F5F7F-C2E1-4284-89B7-45A38FDD20F4}.Debug|x64.Build.0 = Debug|x64
		{B42F5F7F-C2E1-4284-89B7-45A38FDD20F4}.Debug|x86.ActiveCfg = Debug|Win32
		{B42F5F7F-C2E1-4284-89B7-45A38FDD20F4}.Debug|x86.Build.0 = Debug|Win32
		{B42F5F7F-C2E1-4284-89B7-45A38FDD20F4}.Release|x64.ActiveCfg = Release|x64
		{B42F5F7F-C2E1-4284-89B7-45A38FDD20F4}.Release|x64.Build.0 = Release|x64
		{B42F5F7F-C2E1-4284-89B7-45A38FDD20F4}.Release|x86.ActiveCfg = Release|Win32
		{B42F5F7F-C2E1-4284-89B7-45A38FDD20F4}.Release|x86.Build.0 = Release|Win32
		{3EF4C6D2-319A-47B7-88B5-4198BBF0DA93}.Debug|x64.ActiveCfg = Debug|x64
		{3EF4C6D2-319A-47B7-88B5-4198BBF0DA93}.Debug|x64.Build.0 = Debug|x64
		{3EF4C6D2-319A-47B7-88B5-4198BBF0DA93}.Debug|x86.ActiveCfg = Debug|Win32
		{3EF4C6D2-319A-47B7-88B5-4198BBF0DA93}.Debug|x86.Build.0 = Debug|Win32
		{3EF4C6D2-319A-47B7-88B5-4198BBF0DA93}.Release|x64.ActiveCfg = Release|x64
		{3EF4C6D2-319A-47B7-88B5-4198BBF0DA93}.Release|x64.Build.0 = Release|x64
		{3EF4C6D2-319A-47B7-88B5-4198BBF0DA93}.Release|x86.ActiveCfg = Release|Win32
		{3EF4C6D2-319A-47B7-88B5-4198BBF0DA93}.Release|x86.Build.0 = Release|Win32
		{C2DEFD1C-9648-4A38-97F2-5FBEEC5FC655}.Debug|x64.ActiveCfg = Debug|x64
		{C2DEFD1C-9648-4A38-97F2-5FBEEC5FC655}.Debug|x64.Build.0 = Debug|x64
		{C2DEFD1C-9648-4A38-97F2-5FBEEC5FC655}.Debug|x86.ActiveCfg = Debug|Win32
		{C2DEFD1C-9648-4A38-97F2-5FBEEC5FC655}.Debug|x86.Build.0 = Debug|Win32
		{C2DEFD1C-9648-4A38-97F2-5FBEEC5FC655}.Release|x64.ActiveCfg = Release|x64
		{C2DEFD1C-9648-4A38-97F2-5FBEEC5FC655}.Release|x64.Build.0 = Release|x64
		{C2DEFD1C-9648-4A38-97F2-5FBEEC5FC655}.Release|x86.ActiveCfg = Release|Win32
		{C2DEFD1C-9648-4A38-97F2-5FBEEC5FC655}.Release|x86.Build.0 = Release|Win32
		{43275F3E-2322-4F46-A3A9-E0DBFFD58D50}.Debug|x64.ActiveCfg = Debug|x64
		{43275F3E-2322-4F46-A3A9-E0DBFFD58D50}.Debug|x64.Build.0 = Debug|x64
		{43275F3E-2322-4F46-A3A9-E0DBFFD58D50}.Debug|x86.ActiveCfg = Debug|Win32
		{43275F3E-2322-4F46-A3A9-E0DBFFD58D50}.Debug|x86.Build.0 = Debug|Win32
		{43275F3E-2322-4F46-A3A9-E0DBFFD58D50}.Release|x64.ActiveCfg = Release|x64
		{43275F3E-2322-4F46-A3A9-E0DBFFD58D50}.Release|x64.Build.0 = Release|x64
		{43275F3E-2322-4F46-A3A9-E0DBFFD58D50}.Release|x86.ActiveCfg = Release|Win32
		{43275F3E-2322-4F46-A3A9-E0DBFFD58D50}.Release|x86.Build.0 = Release|Win32
		{6B50337A-2A87-404C-83CC-0A7AB91E1835}.Debug|x64.ActiveCfg = Debug|x64
		{6B50337A-2A87-404C-83CC-0A7AB91E1835}.Debug|x64.Build.0 = Debug|x64
		{6B50337A-2A87-404C-83CC-0A7AB91E1835}.Debug|x86.ActiveCfg = Debug|Win32
		{6B50337A-2A87-404C-83CC-0A7AB91E1835}.Debug|x86.Build.0 = Debug|Win32
		{6B50337A-2A87-404C-83CC-0A7AB91E1835}.Release|x64.ActiveCfg = Release|x64
		{6B50337A-2A87-404C-83CC-0A7AB91E1835}.Release|x64.Build.0 = Release|x64
		{6B50337A-2A87-404C-83CC-0A7AB91E1835}.Release|x86.ActiveCfg = Release|Win32
		{6B50337A-2A87-404C-83CC-0A7AB91E1835}.Release|x86.Build.0 = Release|Win32
		{69604A18-65CB-4DA7-AC52-1F8EED144775}.Debug|x64.ActiveCfg = Debug|x64
		{69604A18-65CB-4DA7-AC52-1F8EED144775}.Debug|x64.Build.0 = Debug|x64
		{69604A18-65CB-4DA7-AC52-1F8EED144775}.Debug|x86.ActiveCfg = Debug|Win32
		{69604A18-65CB-4DA7-AC52-1F8EED144775}.Debug|x86.Build.0 = Debug|Win32
		{69604A18-65CB-4DA7-AC52-1F8EED144775}.Release|x64.ActiveCfg = Release|x64
		{69604A18-65CB-4DA7-AC52-1F8EED144775}.Release|x64.Build.0 = Release|x64
		{69604A18-65CB-4DA7-AC52-1F8EED144775}.Release|x86.ActiveCfg = Release|Win32
		{69604A18-65CB-4DA7-AC52-1F8EED144775}.Release|x86.Build.0 = Release|Win32
		{C29F29CE-6240-4AB0-B9EA-9C26AAE0B36F}.Debug|x64.ActiveCfg = Debug|x64
		{C29F29CE-6240-4AB0-B9EA-9C26AAE0B36F}.Debug|x64.Build.0 = Debug|x64
		{C29F29CE-6240-4AB0-B9EA-9C26AAE0B36F}.Debug|x86.ActiveCfg = Debug|Win32
		{C29F29CE-6240-4AB0-B9EA-9C26AAE0B36F}.Debug|x86.Build.0 = Debug|Win32
		{C29F29CE-6240-4AB0-B9EA-9C26AAE0B36F}.Release|x64.ActiveCfg = Release|x64
		{C29F29CE-6240-4AB0-B9EA-9C26AAE0B36F}.Release|x64.Build.0 = Release|x64
		{C29F29CE-6240-4AB0-B9EA-9C26AAE0B36F}.Release|x86.ActiveCfg = Release|Win32
		{C29F29CE-6240-4AB0-B9EA-9C26AAE0B36F}.Release|x86.Build.0 = Release|Win32
		{BA032299-7AB9-4630-A9E3-41AB08E21004}.Debug|x64.ActiveCfg = Debug|x64
		{BA032299-7AB9-4630-A9E3-41AB08E21004}.Debug|x64.Build.0 = Debug|x64
		{BA032299-7AB9-4630-A9E3-41AB08E21004}.Debug|x86.ActiveCfg = Debug|Win32
		{BA032299-7AB9-4630-A9E3-41AB08E21004}.Debug|x86.Build.0 = Debug|Win32
		{BA032299-7AB9-4630-A9E3-41AB08E21004}.Release|x64.ActiveCfg = Release|x64
		{BA032299-7AB9-4630-A9E3-41AB08E21004}.Release|x64.Build.0 = Release|x64
		{BA032299-7AB9-4630-A9E3-41AB08E21004}.Release|x86.ActiveCfg = Release|Win32
		{BA032299-7AB9-4630-A9E3-41AB08E21004}.Release|x86.Build.0 = Release|Win32
		{ABB4FA2A-6ADD-4B24-8556-A2DAD897168E}.Debug|x64.ActiveCfg = Debug|x64
		{ABB4FA2A-6ADD-4B24-8556-A2DAD897168E}.Debug|x64.Build.0 = Debug|x64
		{ABB4FA2A-6ADD-4B24-8556-A2DAD897168E}.Debug|x86.ActiveCfg = Debug|Win32
		{ABB4FA2A-6ADD-4B24-8556-A2DAD897168E}.Debug|x86.Build.0 = Debug|Win32
		{ABB4FA2A-6ADD-4B24-8556-A2DAD897168E}.Release|x64.ActiveCfg = Release|x64
		{ABB4FA2A-6ADD-4B24-8556-A2DAD897168E}.Release|x64.Build.0 = Release|x64
		{ABB4FA2A-6ADD-4B24-8556-A2DAD897168E}.Release|x86.ActiveCfg = Release|Win32
		{ABB4FA2A-6ADD-4B24-8556-A2DAD897168E}.Release|x86.Build.0 = Release|Win32
		{435684C5-F0CF-48AA-9182-086041B3C119}.Debug|x64.ActiveCfg = Debug|x64
		{435684C5-F0CF-48AA-9182-086041B3C119}.Debug|x64.Build.0 = Debug|x64
		{435684C5-F0CF-48AA-9182-086041B3C119}.Debug|x86.ActiveCfg = Debug|Win32
		{435684C5-F0CF-48AA-9182-086041B3C119}.Debug|x86.Build.0 = Debug|Win32
		{435684C5-F0CF-48AA-9182-086041B3C119}.Release|x64.ActiveCfg = Release|x64
		{435684C5-F0CF-48AA-9182-086041B3C119}.Release|x64.Build.0 = Release|x64
		{435684C5-F0CF-48AA-9182-086041B3C119}.Release|x86.ActiveCfg = Release|Win32
		{435684C5-F0CF-48AA-9182-086041B3C119}.Release|x86.Build.0 = Release|Win32
		{77A2B7B1-BE37-4E4B-A12C-AC022B4F70E7}.Debug|x64.ActiveCfg = Debug|x64
		{77A2B7B1-BE37-4E4B-A12C-AC022B4F70E7}.Debug|x64.Build.0 = Debug|x64
		{77A2B7B1-BE37-4E4B-A12C-AC022B4F70E7}.Debug|x86.ActiveCfg = Debug|Win32
		{77A2B7B1-BE37-4E4B-A12C-AC022B4F70E7}.Debug|x86.Build.0 = Debug|Win32
		{77A2B7B1-BE37-4E4B-A12C-AC022B4F70E7}.Release|x64.ActiveCfg = Release|x64
		{77A2B7B1-BE37-4E4B-A12C-AC022B4F70E7}.Release|x64.Build.0 = Release|x64
		{77A2B7B1-BE37-4E4B-A12C-AC022B4F70E7}.Release|x86.ActiveCfg = Release|Win32
		{77A2B7B1-BE37-4E4B-A12C-AC022B4F70E7}.Release|x86.Build.0 = Release|Win32
		{18EA9470-43BD-4847-984D-9EFC2AFEF48A}.Debug|x64.ActiveCfg = Debug|x64
		{18EA9470-43BD-4847-984D-9EFC2AFEF48A}.Debug|x64.Build.0 = Debug|x64
		{18EA9470-43BD-4847-984D-9EFC2AFEF48A}.Debug|x86.ActiveCfg = Debug|Win32
		{18EA9470-43BD-4847-984D-9EFC2AFEF48A}.Debug|x86.Build.0 = Debug|Win32
		{18EA9470-43BD-4847-984D-9EFC2AFEF48A}.Release|x64.ActiveCfg = Release|x64
		{18EA9470-43BD-4847-984D-9EFC2AFEF48A}.Release|x64.Build.0 = Release|x64
		{18EA9470-43BD-4847-984D-9EFC2AFEF48A}.Release|x86.ActiveCfg = Release|Win32
		{18EA9470-43BD-4847-984D-9EFC2AFEF48A}.Release|x86.Build.0 = Release|Win32
		{70CBAC14-A815-443F-B223-9337CEBE6776}.Debug|x64.ActiveCfg = Debug|x64
		{70CBAC14-A815-443F-B223-9337CEBE6776}.Debug|x64.Build.0 = Debug|x64
		{70CBAC14-A815-443F-B223-9337CEBE6776}.Debug|x86.ActiveCfg = Debug|Win32
		{70CBAC14-A815-443F-B223-9337CEBE6776}.Debug|x86.Build.0 = Debug|Win32
		{70CBAC14-A815-443F-B223-9337CEBE6776}.Release|x64.ActiveCfg = Release|x64
		{70CBAC14-A815-443F-B223-9337CEBE6776}.Release|x64.Build.0 = Release|x64
		{70CBAC14-A815-443F-B223-9337CEBE6776}.Release|x86.ActiveCfg = Release|Win32
		{70CBAC14-A815-443F-B223-9337CEBE6776}.Release|x86.Build.0 = Release|Win32
		{1DC9E289-EBCD-404B-B9E3-1CC485F90311}.Debug|x64.ActiveCfg = Debug|x64
		{1DC9E289-EBCD-404B-B9E3-1CC485F90311}.Debug|x64.Build.0 = Debug|x64
		{1DC9E289-EBCD-404B-B9E3-1CC485F90311}.Debug|x86.ActiveCfg = Debug|Win32
		{1DC9E289-EBCD-404B-B9E3-1CC485F90311}.Debug|x86.Build.0 = Debug|Win32
		{1DC9E289-EBCD-404B-B9E3-1CC485F90311}.Release|x64.ActiveCfg = Release|x64
		{1DC9E289-EBCD-404B-B9E3-1CC485F90311}.Release|x64.Build.0 = Release|x64
		{1DC9E289-EBCD-404B-B9E3-1CC485F90311}.Release|x86.ActiveCfg = Release|Win32
		{1DC9E289-EBCD-404B-B9E3-1CC485F90311}.Release|x86.Build.0 = Release|Win32
		{607907CB-8FFB-45FA-ACBA-75F78EEB11E4}.Debug|x64.ActiveCfg = Debug|x64
		{607907CB-8FFB-45FA-ACBA-75F78EEB11E4}.Debug|x64.Build.0 = Debug|x64
		{607907CB-8FFB-45FA-ACBA-75F78EEB11E4}.Debug|x86.ActiveCfg = Debug|Win32
		{607907CB-8FFB-45FA-ACBA-75F78EEB11E4}.Debug|x86.Build.0 = Debug|Win32
		{607907CB-8FFB-45FA-ACBA-75F78EEB11E4}.Release|x64.ActiveCfg = Release|x64
		{607907CB-8FFB-45FA-ACBA-75F78EEB11E4}.Release|x64.Build.0 = Release|x64
		{607907CB-8FFB-45FA-ACBA-75F78EEB11E4}.Release|x86.ActiveCfg = Release|Win32
		{607907CB-8FFB-45FA-ACBA-75F78EEB11E4}.Release|x86.Build.0 = Release|Win32
		{2347EE8B-94FB-4DA6-8AC7-CE053ED8D8C8}.Debug|x64.ActiveCfg = Debug|x64
		{2347EE8B-94FB-4DA6-8AC7-CE053ED8D8C8}.Debug|x64.Build.0 = Debug|x64
		{2347EE8B-94FB-4DA6-8AC7-CE053ED8D8C8}.Debug|x86.ActiveCfg = Debug|Win32
		{2347EE8B-94FB-4DA6-8AC7-CE053ED8D8C8}.Debug|x86.Build.0 = Debug|Win32
		{2347EE8B-94FB-4DA6-8AC7-CE053ED8D8C8}.Release|x64.ActiveCfg = Release|x64
		{2347EE8B-94FB-4DA6-8AC7-CE053ED8D8C8}.Release|x64.Build.0 = Release|x64
		{2347EE8B-94FB-4DA6-8AC7-CE053ED8D8C8}.Release|x86.ActiveCfg = Release|Win32
		{2347EE8B-94FB-4DA6-8AC7-CE053ED8D8C8}.Release|x86.Build.0 = Release|Win32
		{3189A454-3E0A-4171-82AC-CA4B422812E2}.Debug|x64.ActiveCfg = Debug|x64
		{3189A454-3E0A-4171-82AC-CA4B422812E2}.Debug|x64.Build.0 = Debug|x64
		{3189A454-3E0A-4171-82AC-CA4B422812E2}.Debug|x86.ActiveCfg = Debug|Win32
		{3189A454-3E0A-4171-82AC-CA4B422812E2}.Debug|x86.Build.0 = Debug|Win32
		{3189A454-3E0A-4171-82AC-CA4B422812E2}.Release|x64.ActiveCfg = Release|x64
		{3189A454-3E0A-4171-82AC-CA4B422812E2}.Release|x64.Build.0 = Release|x64
		{3189A454-3E0A-4171-82AC-CA4B422812E2}.Release|x86.ActiveCfg = Release|Win32
		{3189A454-3E0A-4171-82AC-CA4B422812E2}.Release|x86.Build.0 = Release|Win32
		{250F7ACE-9104-4D42-A1EB-968AE01336D0}.Debug|x64.ActiveCfg = Debug|x64
		{250F7ACE-9104-4D42-A1EB-968AE01336D0}.Debug|x64.Build.0 = Debug|x64
		{250F7ACE-9104-4D42-A1EB-968AE01336D0}.Debug|x86.ActiveCfg = Debug|Win32
		{250F7ACE-9104-4D42-A1EB-968AE01336D0}.Debug|x86.Build.0 = Debug|Win32
		{250F7ACE-9104-4D42-A1EB-968AE01336D0}.Release|x64.ActiveCfg = Release|x64
		{250F7ACE-9104-4D42-A1EB-968AE01336D0}.Release|x64.Build.0 = Release|x64
		{250F7ACE-9104-4D42-A1EB-968AE01336D0}.Release|x86.ActiveCfg = Release|Win32
		{250F7ACE-9104-4D42-A1EB-968AE01336D0}.Release|x86.Build.0 = Release|Win32
		{A0DB14C4-C8AD-45A3-B6D2-AD4E06A03885}.Debug|x64.ActiveCfg = Debug|x64
		{A0DB14C4-C8AD-45A3-B6D2-AD4E06A03885}.Debug|x64.Build.0 = Debug|x64
		{A0DB14C4-C8AD-45A3-B6D2-AD4E06A03885}.Debug|x86.ActiveCfg = Debug|Win32
		{A0DB14C4-C8AD-45A3-B6D2-AD4E06A03885}.Debug|x86.Build.0 = Debug|Win32
		{A0DB14C4-C8AD-45A3-B6D2-AD4E06A03885}.Release|x64.ActiveCfg = Release|x64
		{A0DB14C4-C8AD-45A3-B6D2-AD4E06A03885}.Release|x64.Build.0 = Release|x64
		{A0DB14C4-C8AD-45A3-B6D2-AD4E06A03885}.Release|x86.ActiveCfg = Release|Win32
		{A0DB14C4-C8AD-45A3-B6D2-AD4E06A03885}.Release|x86.Build.0 = Release|Win32
		{DA95E55C-FE7C-404E-945E-7E18EDFC999A}.Debug|x64.ActiveCfg = Debug|x64
		{DA95E55C-FE7C-404E-945E-7E18EDFC999A}.Debug|x64.Build.0 = Debug|x64
		{DA95E55C-FE7C-404E-945E-7E18EDFC999A}.Debug|x86.ActiveCfg = Debug|Win32
		{DA95E55C-FE7C-404E-945E-7E18EDFC999A}.Debug|x86.Build.0 = Debug|Win32
		{DA95E55C-FE7C-404E-945E-7E18EDFC999A}.Release|x64.ActiveCfg = Release|x64
		{DA95E55C-FE7C-404E-945E-7E18EDFC999A}.Release|x64.Build.0 = Release|x64
		{DA95E55C-FE7C-404E-945E-7E18EDFC999A}.Release|x86.ActiveCfg = Release|Win32
		{DA95E55C-FE7C-404E-945E-7E18EDFC999A}.Release|x86.Build.0 = Release|Win32
		{B621EF1E-9A16-413D-B8B1-F738FDE28532}.Debug|x64.ActiveCfg = Debug|x64
		{B621EF1E-9A16-413D-B8B1-F738FDE28532}.Debug|x64.Build.0 = Debug|x64
		{B621EF1E-9A16-413D-B8B1-F738FDE28532}.Debug|x86.ActiveCfg = Debug|Win32
		{B621EF1E-9A16-413D-B8B1-F738FDE28532}.Debug|x86.Build.0 = Debug|Win32
		{B621EF1E-9A16-413D-B8B1-F738FDE28532}.Release|x64.ActiveCfg = Release|x64
		{B621EF1E-9A16-413D-B8B1-F738FDE28532}.Release|x64.Build.0 = Release|x64
		{B621EF1E-9A16-413D-B8B1-F738FDE28532}.Release|x86.ActiveCfg = Release|Win32
		{B621EF1E-9A16-413D-B8B1-F738FDE28532}.Release|x86.Build.0 = Release|Win32
		{064D13C7-1509-486B-8926-1D2429A0FAB0}.Debug|x64.ActiveCfg = Debug|x64
		{064D13C7-1509-486B-8926-1D2429A0FAB0}.Debug|x64.Build.0 = Debug|x64
		{064D13C7-1509-486B-8926-1D2429A0FAB0}.Debug|x86.ActiveCfg = Debug|Win32
		{064D13C7-1509-486B-8926-1D2429A0FAB0}.Debug|x86.Build.0 = Debug|Win32
		{064D13C7-1509-486B-8926-1D2429A0FAB0}.Release|x64.ActiveCfg = Release|x64
		{064D13C7-1509-486B-8926-1D2429A0FAB0}.Release|x64.Build.0 = Release|x64
		{064D13C7-1509-486B-8926-1D2429A0FAB0}.Release|x86.ActiveCfg = Release|Win32
		{064D13C7-1509-486B-8926-1D2429A0FAB0}.Release|x86.Build.0 = Release|Win32
		{E3A1EBD8-02B4-4FA7-82F9-EFA02CE299FD}.Debug|x64.ActiveCfg = Debug|x64
		{E3A1EBD8-02B4-4FA7-82F9-EFA02CE299FD}.Debug|x64.Build.0 = Debug|x64
		{E3A1EBD8-02B4-4FA7-82F9-EFA02CE299FD}.Debug|x86.ActiveCfg = Debug|Win32
		{E3A1EBD8-02B4-4FA7-82F9-EFA02CE299FD}.Debug|x86.Build.0 = Debug|Win32
		{E3A1EBD8-02B4-4FA7-82F9-EFA02CE299FD}.Release|x64.ActiveCfg = Release|x64
		{E3A1EBD8-02B4-4FA7-82F9-EFA02CE299FD}.Release|x64.Build.0 = Release|x64
		{E3A1EBD8-02B4-4FA7-82F9-EFA02CE299FD}.Release|x86.ActiveCfg = Release|Win32
		{E3A1EBD8-02B4-4FA7-82F9-EFA02CE299FD}.Release|x86.Build.0 = Release|Win32
		{C930308F-338A-4982-8308-EF337B58D975}.Debug|x64.ActiveCfg = Debug|x64
		{C930308F-338A-4982-8308-EF337B58D975}.Debug|x64.Build.0 = Debug|x64
		{C930308F-338A-4982-8308-EF337B58D975}.Debug|x86.ActiveCfg = Debug|Win32
		{C930308F-338A-4982-8308-EF337B58D975}.Debug|x86.Build.0 = Debug|Win32
		{C930308F-338A-4982-8308-EF337B58D975}.Release|x64.ActiveCfg = Release|x64
		{C930308F-338A-4982-8308-EF337B58D975}.Release|x64.Build.0 = Release|x64
		{C930308F-338A-4982-8308-EF337B58D975}.Release|x86.ActiveCfg = Release|Win32
		{C930308F-338A-4982-8308-EF337B58D975}.Release|x86.Build.0 = Release|Win32
		{B3C5D1F7-C0BA-4D40-84BA-9B2350F7C5BD}.Debug|x64.ActiveCfg = Debug|x64
		{B3C5D1F7-C0BA-4D40-84BA-9B2350F7C5BD}.Debug|x64.Build.0 = Debug|x64
		{B3C5D1F7-C0BA-4D40-84BA-9B2350F7C5BD}.Debug|x86.ActiveCfg = Debug|Win32
		{B3C5D1F7-C0BA-4D40-84BA-9B2350F7C5BD}.Debug|x86.Build.0 = Debug|Win32
		{B3C5D1F7-C0BA-4D40-84BA-9B2350F7C5BD}.Release|x64.ActiveCfg = Release|x64
		{B3C5D1F7-C0BA-4D40-84BA-9B2350F7C5BD}.Release|x64.Build.0 = Release|x64
		{B3C5D1F7-C0BA-4D40-84BA-9B2350F7C5BD}.Release|x86.ActiveCfg = Release|Win32
		{B3C5D1F7-C0BA-4D40-84BA-9B2350F7C5BD}.Release|x86.Build.0 = Release|Win32
		{A0316DBC-0ECB-4053-AF53-D7698DE93715}.Debug|x64.ActiveCfg = Debug|x64
		{A0316DBC-0ECB-4053-AF53-D7698DE93715}.Debug|x64.Build.0 = Debug|x64
		{A0316DBC-0ECB-4053-AF53-D7698DE93715}.Debug|x86.ActiveCfg = Debug|Win32
		{A0316DBC-0ECB-4053-AF53-D7698DE93715}.Debug|x86.Build.0 = Debug|Win32
		{A0316DBC-0ECB-4053-AF53-D7698DE93715}.Release|x64.ActiveCfg = Release|x64
		{A0316DBC-0ECB-4053-AF53-D7698DE93715}.Release|x64.Build.0 = Release|x64
		{A0316DBC-0ECB-4053-AF53-D7698DE93715}.Release|x86.ActiveCfg = Release|Win32
		{A0316DBC-0ECB-4053-AF53-D7698DE93715}.Release|x86.Build.0 = Release|Win32
		{EBFB30AE-5762-4DBF-8029-1AE936074FFE}.Debug|x64.ActiveCfg = Debug|x64
		{EBFB30AE-5762-4DBF-8029-1AE936074FFE}.Debug|x64.Build.0 = Debug|x64
		{EBFB30AE-5762-4DBF-8029-1AE936074FFE}.Debug|x86.ActiveCfg = Debug|Win32
		{EBFB30AE-5762-4DBF-8029-1AE936074FFE}.Debug|x86.Build.0 = Debug|Win32
		{EBFB30AE-5762-4DBF-8029-1AE936074FFE}.Release|x64.ActiveCfg = Release|x64
		{EBFB30AE-5762-4DBF-8029-1AE936074FFE}.Release|x64.Build.0 = Release|x64
		{EBFB30AE-5762-4DBF-8029-1AE936074FFE}.Release|x86.ActiveCfg = Release|Win32
		{EBFB30AE-5762-4DBF-8029-1AE936074FFE}.Release|x86.Build.0 = Release|Win32
		{BED2EF15-0D02-4359-B7BF-C532BC9A7486}.Debug|x64.ActiveCfg = Debug|x64
		{BED2EF15-0D02-4359-B7BF-C532BC9A7486}.Debug|x64.Build.0 = Debug|x64
		{BED2EF15-0D02-4359-B7BF-C532BC9A7486}.Debug|x86.ActiveCfg = Debug|Win32
		{BED2EF15-0D02-4359-B7BF-C532BC9A7486}.Debug|x86.Build.0 = Debug|Win32
		{BED2EF15-0D02-4359-B7BF-C532BC9A7486}.Release|x64.ActiveCfg = Release|x64
		{BED2EF15-0D02-4359-B7BF-C532BC9A7486}.Release|x64.Build.0 = Release|x64
		{BED2EF15-0D02-4359-B7BF-C532BC9A7486}.Release|x86.ActiveCfg = Release|Win32
		{BED2EF15-0D02-4359-B7BF-C532BC9A7486}.Release|x86.Build.0 = Release|Win32
		{18AC76E3-8523-492D-A43A-12EA5725EC03}.Debug|x64.ActiveCfg = Debug|x64
		{18AC76E3-8523-492D-A43A-12EA5725EC03}.Debug|x64.Build.0 = Debug|x64
		{18AC76E3-8523-492D-A43A-12EA5725EC03}.Debug|x86.ActiveCfg = Debug|Win32
		{18AC76E3-8523-492D-A43A-12EA5725EC03}.Debug|x86.Build.0 = Debug|Win32
		{18AC76E3-8523-492D-A43A-12EA5725EC03}.Release|x64.ActiveCfg = Release|x64
		{18AC76E3-8523-492D-A43A-12EA5725EC03}.Release|x64.Build.0 = Release|x64
		{18AC76E3-8523-492D-A43A-12EA5725EC03}.Release|x86.ActiveCfg = Release|Win32
		{18AC76E3-8523-492D-A43A-12EA5725EC03}.Release|x86.Build.0 = Release|Win32
	EndGlobalSection
	GlobalSection(SolutionProperties) = preSolution
		HideSolutionNode = FALSE
	EndGlobalSection
EndGlobal
