
Microsoft Visual Studio Solution File, Format Version 12.00
# Visual Studio 15
VisualStudioVersion = 15.0.26430.14
MinimumVisualStudioVersion = 10.0.40219.1
Project("{8BC9CEB8-8B4A-11D0-8D11-00A0C91BC942}") = "01_uniform_initialization", "01_uniform_initialization\01_uniform_initialization.vcxproj", "{0BD3776D-3FE9-4F0C-9811-8663C9CD0389}"
EndProject
Project("{8BC9CEB8-8B4A-11D0-8D11-00A0C91BC942}") = "02_initializer_list", "02_initializer_list\02_initializer_list.vcxproj", "{05E37F3F-2A23-494A-83EC-8FD867B62BA5}"
EndProject
Project("{8BC9CEB8-8B4A-11D0-8D11-00A0C91BC942}") = "03_autoKeyword", "03_autoKeyword\03_autoKeyword.vcxproj", "{D301E3EB-4C99-431D-981A-0582F247A2FD}"
EndProject
Project("{8BC9CEB8-8B4A-11D0-8D11-00A0C91BC942}") = "04_RangeBasedLoops", "04_RangeBasedLoops\04_RangeBasedLoops.vcxproj", "{08407B27-E72E-4031-BECF-BCA978C5E131}"
EndProject
Project("{8BC9CEB8-8B4A-11D0-8D11-00A0C91BC942}") = "05_nullptr", "05_nullptr\05_nullptr.vcxproj", "{75774FBE-3D96-417F-A4CC-1D3BAF4431BB}"
EndProject
Project("{8BC9CEB8-8B4A-11D0-8D11-00A0C91BC942}") = "06_StronglyTypedEnums", "06_StronglyTypedEnums\06_StronglyTypedEnums.vcxproj", "{1BF464A7-CB9D-4BA9-84D6-DC1DE1F42B56}"
EndProject
Project("{8BC9CEB8-8B4A-11D0-8D11-00A0C91BC942}") = "00_Utils", "00_Utils\00_Utils.vcxproj", "{1B55E5D2-EA37-4770-93C7-2FE4CC7758BE}"
EndProject
Project("{8BC9CEB8-8B4A-11D0-8D11-00A0C91BC942}") = "07_assert", "07_assert\07_assert.vcxproj", "{BC0CFE59-1B46-4413-98B3-C17BC305D493}"
	ProjectSection(ProjectDependencies) = postProject
		{1B55E5D2-EA37-4770-93C7-2FE4CC7758BE} = {1B55E5D2-EA37-4770-93C7-2FE4CC7758BE}
	EndProjectSection
EndProject
Project("{8BC9CEB8-8B4A-11D0-8D11-00A0C91BC942}") = "09_DelegatingConstructorsAndOverride", "09_DelegatingConstructorsAndOverride\09_DelegatingConstructorsAndOverride.vcxproj", "{517544C1-CD10-4D29-947F-F0F7F0A9A296}"
EndProject
Project("{8BC9CEB8-8B4A-11D0-8D11-00A0C91BC942}") = "10_FinalMethodsAndClasses", "10_FinalMethodsAndClasses\10_FinalMethodsAndClasses.vcxproj", "{96BA57EE-8059-410E-8B12-484353147A87}"
EndProject
Project("{8BC9CEB8-8B4A-11D0-8D11-00A0C91BC942}") = "11_deleteKeyword", "11_deleteKeyword\11_deleteKeyword.vcxproj", "{19E0FBE9-024C-42FF-B12F-E47FCE050E9A}"
EndProject
Project("{8BC9CEB8-8B4A-11D0-8D11-00A0C91BC942}") = "12_constexprSpecifier", "12_constSpecifier\12_constSpecifier.vcxproj", "{98C41DAC-DB27-4D9A-AF59-07A7A4FC3829}"
EndProject
Project("{8BC9CEB8-8B4A-11D0-8D11-00A0C91BC942}") = "13_ImprovedStringLiterals", "13_ImprovedStringLiterals\13_ImprovedStringLiterals.vcxproj", "{FD9F93AF-2821-4B45-A477-B39DBDDAC864}"
EndProject
Project("{8BC9CEB8-8B4A-11D0-8D11-00A0C91BC942}") = "14_UserDefinedLiterals", "14_UserDefinedLiterals\14_UserDefinedLiterals.vcxproj", "{80531E02-A925-4CDA-A18C-DB66147DC021}"
EndProject
Project("{8BC9CEB8-8B4A-11D0-8D11-00A0C91BC942}") = "15_TemplateClassesAndFunctions", "15_TemplateClassesAndFunctions\15_TemplateClassesAndFunctions.vcxproj", "{F85956C4-CB9C-4428-A591-AE5717AC2BFF}"
EndProject
Project("{8BC9CEB8-8B4A-11D0-8D11-00A0C91BC942}") = "16_VariadicTemplates", "16_VariadicTemplates\16_VariadicTemplates.vcxproj", "{B087614A-68E3-4B3C-88E4-63186B884165}"
EndProject
Project("{8BC9CEB8-8B4A-11D0-8D11-00A0C91BC942}") = "17_decltypeTypeId", "17_decltypeTypeId\17_decltypeTypeId.vcxproj", "{67242EDD-FC4D-4A1D-BC8A-5E848011B0DD}"
EndProject
Project("{8BC9CEB8-8B4A-11D0-8D11-00A0C91BC942}") = "18_FunctionPointers", "18_FunctionPointers\18_FunctionPointers.vcxproj", "{D76CE140-0AE3-473A-B6D2-9331FDAFAFC4}"
EndProject
Project("{8BC9CEB8-8B4A-11D0-8D11-00A0C91BC942}") = "19_FunctionPointersUsage", "19_FunctionPointersUsage\19_FunctionPointersUsage.vcxproj", "{807ED2D2-001C-41D8-9C96-D0757D5B5A16}"
EndProject
Project("{8BC9CEB8-8B4A-11D0-8D11-00A0C91BC942}") = "20_Functors", "20_Functors\20_Functors.vcxproj", "{FD34D307-B07D-4E6D-B250-EA44AD7770CE}"
EndProject
Project("{8BC9CEB8-8B4A-11D0-8D11-00A0C91BC942}") = "21_Lambdas", "21_Lambdas\21_Lambdas.vcxproj", "{F2F67AAC-5BFB-4876-B66B-3919D70428B5}"
EndProject
Project("{8BC9CEB8-8B4A-11D0-8D11-00A0C91BC942}") = "22_LambdaParametersAndReturnType", "22_LambdaParametersAndReturnType\22_LambdaParametersAndReturnType.vcxproj", "{3AA542CC-B191-43F5-8422-C1C91B813350}"
EndProject
Project("{8BC9CEB8-8B4A-11D0-8D11-00A0C91BC942}") = "23_LambdaCaptureExpressions", "23_LambdaCaptureExpressions\23_LambdaCaptureExpressions.vcxproj", "{3C318683-D8CB-4823-8A0D-9B3D7AF32368}"
EndProject
Project("{8BC9CEB8-8B4A-11D0-8D11-00A0C91BC942}") = "24_LambdaCaptureThis", "24_LambdaCaptureThis\24_LambdaCaptureThis.vcxproj", "{891EF0F1-FA94-40B3-8CDF-FE22901A2B36}"
EndProject
Project("{8BC9CEB8-8B4A-11D0-8D11-00A0C91BC942}") = "25_MutableLambdas", "25_MutableLambdas\25_MutableLambdas.vcxproj", "{94472A85-31A3-4341-8909-AB4DF29AF821}"
EndProject
Project("{8BC9CEB8-8B4A-11D0-8D11-00A0C91BC942}") = "26_GenericLambdas", "26_GenericLambdas\26_GenericLambdas.vcxproj", "{34B7C7A5-814C-470E-8972-01FAF8AAB956}"
EndProject
Project("{8BC9CEB8-8B4A-11D0-8D11-00A0C91BC942}") = "27_InitializedLambdaCaptures", "27_InitializedLambdaCaptures\27_InitializedLambdaCaptures.vcxproj", "{9037542A-9F32-47F3-8F6F-F7EAB85C8C1B}"
EndProject
Project("{8BC9CEB8-8B4A-11D0-8D11-00A0C91BC942}") = "28_StandardBind", "28_StandardBind\28_StandardBind.vcxproj", "{B3EC6D02-33B7-40B2-9884-F075EAAACA8D}"
EndProject
Project("{8BC9CEB8-8B4A-11D0-8D11-00A0C91BC942}") = "29_MultithreadingAndConcurrency", "29_MultithreadingAndConcurrency\29_MultithreadingAndConcurrency.vcxproj", "{809D809C-81FB-4789-8DD6-DE86E654E5BC}"
	ProjectSection(ProjectDependencies) = postProject
		{1B55E5D2-EA37-4770-93C7-2FE4CC7758BE} = {1B55E5D2-EA37-4770-93C7-2FE4CC7758BE}
	EndProjectSection
EndProject
Project("{8BC9CEB8-8B4A-11D0-8D11-00A0C91BC942}") = "32_MultithreadingAtomics", "30_MultithreadingAtomics\30_MultithreadingAtomics.vcxproj", "{EAAF38E8-74ED-4035-8F4F-AA8402E1C3E5}"
	ProjectSection(ProjectDependencies) = postProject
		{1B55E5D2-EA37-4770-93C7-2FE4CC7758BE} = {1B55E5D2-EA37-4770-93C7-2FE4CC7758BE}
	EndProjectSection
EndProject
Project("{8BC9CEB8-8B4A-11D0-8D11-00A0C91BC942}") = "33_MultithreadingFutureAndPromise", "31_MultithreadingFutureAndPromise\31_MultithreadingFutureAndPromise.vcxproj", "{C59F7B54-7600-4B7F-9971-2A30AD20FC10}"
EndProject
Project("{8BC9CEB8-8B4A-11D0-8D11-00A0C91BC942}") = "34_MultithreadingPackagedTask", "32_MultithreadingPackagedTask\32_MultithreadingPackagedTask.vcxproj", "{A3FC8D63-F690-4328-ACD0-34A9B2F53B11}"
EndProject
Project("{8BC9CEB8-8B4A-11D0-8D11-00A0C91BC942}") = "35_MultithreadingAsync", "33_MultithreadingAsync\33_MultithreadingAsync.vcxproj", "{AC6758F3-3B3E-4DC7-8097-38685F5A00FC}"
EndProject
Project("{8BC9CEB8-8B4A-11D0-8D11-00A0C91BC942}") = "36_UniquePointers", "34_UniquePointers\34_UniquePointers.vcxproj", "{CCF0F2D3-7D0A-4A82-8C45-51BC61C2EC51}"
EndProject
Project("{8BC9CEB8-8B4A-11D0-8D11-00A0C91BC942}") = "37_SharedPointers", "35_SharedPointers\35_SharedPointers.vcxproj", "{A78310A9-0397-4628-9A24-DB58D8F8AE32}"
EndProject
Project("{8BC9CEB8-8B4A-11D0-8D11-00A0C91BC942}") = "38_WeakPointers", "36_WeakPointers\36_WeakPointers.vcxproj", "{7AE15F22-FD9D-4A4E-8AEE-857577E4C9DF}"
EndProject
Project("{8BC9CEB8-8B4A-11D0-8D11-00A0C91BC942}") = "39_Casts", "37_Casts\37_Casts.vcxproj", "{9B9D31A7-C55F-4792-A816-46A54A9688D7}"
EndProject
Project("{8BC9CEB8-8B4A-11D0-8D11-00A0C91BC942}") = "08_ReturnTypeDeduction", "08_ReturnTypeDeduction\08_ReturnTypeDeduction.vcxproj", "{AECBF5BF-D0A3-4D7F-91C8-7C5495E7408A}"
EndProject
Project("{8BC9CEB8-8B4A-11D0-8D11-00A0C91BC942}") = "39_RValuesAndLValues", "39_RValuesAndLValues\39_RValuesAndLValues.vcxproj", "{5653305C-314C-4F1A-9472-4D43B19F3000}"
EndProject
Project("{8BC9CEB8-8B4A-11D0-8D11-00A0C91BC942}") = "40_LValueReferences", "40_LValueReferences\40_LValueReferences.vcxproj", "{B017D181-9664-41EE-8A99-26D18DE83716}"
EndProject
Project("{8BC9CEB8-8B4A-11D0-8D11-00A0C91BC942}") = "41_RValueReferences", "41_RValueReferences\41_RValueReferences.vcxproj", "{8F29D733-2EC6-4FB6-816C-E0549FCD6578}"
EndProject
Project("{8BC9CEB8-8B4A-11D0-8D11-00A0C91BC942}") = "42_MoveConstructorAndMoveAssignmentOperator", "42_MoveConstructorAndMoveAssignmentOperator\42_MoveConstructorAndMoveAssignmentOperator.vcxproj", "{CDCEEDA8-43E2-40DD-AF98-130C019BD96A}"
EndProject
Project("{8BC9CEB8-8B4A-11D0-8D11-00A0C91BC942}") = "43_PerfectForwarding", "43_PerfectForwarding\43_PerfectForwarding.vcxproj", "{6433E592-CA03-4CFE-AC58-19512E4CFF5F}"
EndProject
Project("{8BC9CEB8-8B4A-11D0-8D11-00A0C91BC942}") = "30_MultithreadingAndConcurrencyTimingProtection", "30_MultithreadingTimingProtection\30_MultithreadingTimingProtection.vcxproj", "{8AA2B921-93C7-437A-9856-72C5FAEE687B}"
EndProject
Project("{8BC9CEB8-8B4A-11D0-8D11-00A0C91BC942}") = "31_MultithreadingAndConcurrencyExceptions", "30_MultithreadingExceptions\30_MultithreadingExceptions.vcxproj", "{8C73BDA5-C665-4D09-BD9A-4C08C03EB57B}"
EndProject
Project("{8BC9CEB8-8B4A-11D0-8D11-00A0C91BC942}") = "32_MultithreadingAtomicsLockFree", "32_MultithreadingAtomicsLockFree\32_MultithreadingAtomicsLockFree.vcxproj", "{67F50048-5589-4778-A76A-A5156D025A74}"
EndProject
Global
	GlobalSection(SolutionConfigurationPlatforms) = preSolution
		Debug|x64 = Debug|x64
		Debug|x86 = Debug|x86
		Release|x64 = Release|x64
		Release|x86 = Release|x86
	EndGlobalSection
	GlobalSection(ProjectConfigurationPlatforms) = postSolution
		{0BD3776D-3FE9-4F0C-9811-8663C9CD0389}.Debug|x64.ActiveCfg = Debug|x64
		{0BD3776D-3FE9-4F0C-9811-8663C9CD0389}.Debug|x64.Build.0 = Debug|x64
		{0BD3776D-3FE9-4F0C-9811-8663C9CD0389}.Debug|x86.ActiveCfg = Debug|Win32
		{0BD3776D-3FE9-4F0C-9811-8663C9CD0389}.Debug|x86.Build.0 = Debug|Win32
		{0BD3776D-3FE9-4F0C-9811-8663C9CD0389}.Release|x64.ActiveCfg = Release|x64
		{0BD3776D-3FE9-4F0C-9811-8663C9CD0389}.Release|x64.Build.0 = Release|x64
		{0BD3776D-3FE9-4F0C-9811-8663C9CD0389}.Release|x86.ActiveCfg = Release|Win32
		{0BD3776D-3FE9-4F0C-9811-8663C9CD0389}.Release|x86.Build.0 = Release|Win32
		{05E37F3F-2A23-494A-83EC-8FD867B62BA5}.Debug|x64.ActiveCfg = Debug|x64
		{05E37F3F-2A23-494A-83EC-8FD867B62BA5}.Debug|x64.Build.0 = Debug|x64
		{05E37F3F-2A23-494A-83EC-8FD867B62BA5}.Debug|x86.ActiveCfg = Debug|Win32
		{05E37F3F-2A23-494A-83EC-8FD867B62BA5}.Debug|x86.Build.0 = Debug|Win32
		{05E37F3F-2A23-494A-83EC-8FD867B62BA5}.Release|x64.ActiveCfg = Release|x64
		{05E37F3F-2A23-494A-83EC-8FD867B62BA5}.Release|x64.Build.0 = Release|x64
		{05E37F3F-2A23-494A-83EC-8FD867B62BA5}.Release|x86.ActiveCfg = Release|Win32
		{05E37F3F-2A23-494A-83EC-8FD867B62BA5}.Release|x86.Build.0 = Release|Win32
		{D301E3EB-4C99-431D-981A-0582F247A2FD}.Debug|x64.ActiveCfg = Debug|x64
		{D301E3EB-4C99-431D-981A-0582F247A2FD}.Debug|x64.Build.0 = Debug|x64
		{D301E3EB-4C99-431D-981A-0582F247A2FD}.Debug|x86.ActiveCfg = Debug|Win32
		{D301E3EB-4C99-431D-981A-0582F247A2FD}.Debug|x86.Build.0 = Debug|Win32
		{D301E3EB-4C99-431D-981A-0582F247A2FD}.Release|x64.ActiveCfg = Release|x64
		{D301E3EB-4C99-431D-981A-0582F247A2FD}.Release|x64.Build.0 = Release|x64
		{D301E3EB-4C99-431D-981A-0582F247A2FD}.Release|x86.ActiveCfg = Release|Win32
		{D301E3EB-4C99-431D-981A-0582F247A2FD}.Release|x86.Build.0 = Release|Win32
		{08407B27-E72E-4031-BECF-BCA978C5E131}.Debug|x64.ActiveCfg = Debug|x64
		{08407B27-E72E-4031-BECF-BCA978C5E131}.Debug|x64.Build.0 = Debug|x64
		{08407B27-E72E-4031-BECF-BCA978C5E131}.Debug|x86.ActiveCfg = Debug|Win32
		{08407B27-E72E-4031-BECF-BCA978C5E131}.Debug|x86.Build.0 = Debug|Win32
		{08407B27-E72E-4031-BECF-BCA978C5E131}.Release|x64.ActiveCfg = Release|x64
		{08407B27-E72E-4031-BECF-BCA978C5E131}.Release|x64.Build.0 = Release|x64
		{08407B27-E72E-4031-BECF-BCA978C5E131}.Release|x86.ActiveCfg = Release|Win32
		{08407B27-E72E-4031-BECF-BCA978C5E131}.Release|x86.Build.0 = Release|Win32
		{75774FBE-3D96-417F-A4CC-1D3BAF4431BB}.Debug|x64.ActiveCfg = Debug|x64
		{75774FBE-3D96-417F-A4CC-1D3BAF4431BB}.Debug|x64.Build.0 = Debug|x64
		{75774FBE-3D96-417F-A4CC-1D3BAF4431BB}.Debug|x86.ActiveCfg = Debug|Win32
		{75774FBE-3D96-417F-A4CC-1D3BAF4431BB}.Debug|x86.Build.0 = Debug|Win32
		{75774FBE-3D96-417F-A4CC-1D3BAF4431BB}.Release|x64.ActiveCfg = Release|x64
		{75774FBE-3D96-417F-A4CC-1D3BAF4431BB}.Release|x64.Build.0 = Release|x64
		{75774FBE-3D96-417F-A4CC-1D3BAF4431BB}.Release|x86.ActiveCfg = Release|Win32
		{75774FBE-3D96-417F-A4CC-1D3BAF4431BB}.Release|x86.Build.0 = Release|Win32
		{1BF464A7-CB9D-4BA9-84D6-DC1DE1F42B56}.Debug|x64.ActiveCfg = Debug|x64
		{1BF464A7-CB9D-4BA9-84D6-DC1DE1F42B56}.Debug|x64.Build.0 = Debug|x64
		{1BF464A7-CB9D-4BA9-84D6-DC1DE1F42B56}.Debug|x86.ActiveCfg = Debug|Win32
		{1BF464A7-CB9D-4BA9-84D6-DC1DE1F42B56}.Debug|x86.Build.0 = Debug|Win32
		{1BF464A7-CB9D-4BA9-84D6-DC1DE1F42B56}.Release|x64.ActiveCfg = Release|x64
		{1BF464A7-CB9D-4BA9-84D6-DC1DE1F42B56}.Release|x64.Build.0 = Release|x64
		{1BF464A7-CB9D-4BA9-84D6-DC1DE1F42B56}.Release|x86.ActiveCfg = Release|Win32
		{1BF464A7-CB9D-4BA9-84D6-DC1DE1F42B56}.Release|x86.Build.0 = Release|Win32
		{1B55E5D2-EA37-4770-93C7-2FE4CC7758BE}.Debug|x64.ActiveCfg = Debug|x64
		{1B55E5D2-EA37-4770-93C7-2FE4CC7758BE}.Debug|x64.Build.0 = Debug|x64
		{1B55E5D2-EA37-4770-93C7-2FE4CC7758BE}.Debug|x86.ActiveCfg = Debug|Win32
		{1B55E5D2-EA37-4770-93C7-2FE4CC7758BE}.Debug|x86.Build.0 = Debug|Win32
		{1B55E5D2-EA37-4770-93C7-2FE4CC7758BE}.Release|x64.ActiveCfg = Release|x64
		{1B55E5D2-EA37-4770-93C7-2FE4CC7758BE}.Release|x64.Build.0 = Release|x64
		{1B55E5D2-EA37-4770-93C7-2FE4CC7758BE}.Release|x86.ActiveCfg = Release|Win32
		{1B55E5D2-EA37-4770-93C7-2FE4CC7758BE}.Release|x86.Build.0 = Release|Win32
		{BC0CFE59-1B46-4413-98B3-C17BC305D493}.Debug|x64.ActiveCfg = Debug|x64
		{BC0CFE59-1B46-4413-98B3-C17BC305D493}.Debug|x64.Build.0 = Debug|x64
		{BC0CFE59-1B46-4413-98B3-C17BC305D493}.Debug|x86.ActiveCfg = Debug|Win32
		{BC0CFE59-1B46-4413-98B3-C17BC305D493}.Debug|x86.Build.0 = Debug|Win32
		{BC0CFE59-1B46-4413-98B3-C17BC305D493}.Release|x64.ActiveCfg = Release|x64
		{BC0CFE59-1B46-4413-98B3-C17BC305D493}.Release|x64.Build.0 = Release|x64
		{BC0CFE59-1B46-4413-98B3-C17BC305D493}.Release|x86.ActiveCfg = Release|Win32
		{BC0CFE59-1B46-4413-98B3-C17BC305D493}.Release|x86.Build.0 = Release|Win32
		{517544C1-CD10-4D29-947F-F0F7F0A9A296}.Debug|x64.ActiveCfg = Debug|x64
		{517544C1-CD10-4D29-947F-F0F7F0A9A296}.Debug|x64.Build.0 = Debug|x64
		{517544C1-CD10-4D29-947F-F0F7F0A9A296}.Debug|x86.ActiveCfg = Debug|Win32
		{517544C1-CD10-4D29-947F-F0F7F0A9A296}.Debug|x86.Build.0 = Debug|Win32
		{517544C1-CD10-4D29-947F-F0F7F0A9A296}.Release|x64.ActiveCfg = Release|x64
		{517544C1-CD10-4D29-947F-F0F7F0A9A296}.Release|x64.Build.0 = Release|x64
		{517544C1-CD10-4D29-947F-F0F7F0A9A296}.Release|x86.ActiveCfg = Release|Win32
		{517544C1-CD10-4D29-947F-F0F7F0A9A296}.Release|x86.Build.0 = Release|Win32
		{96BA57EE-8059-410E-8B12-484353147A87}.Debug|x64.ActiveCfg = Debug|x64
		{96BA57EE-8059-410E-8B12-484353147A87}.Debug|x64.Build.0 = Debug|x64
		{96BA57EE-8059-410E-8B12-484353147A87}.Debug|x86.ActiveCfg = Debug|Win32
		{96BA57EE-8059-410E-8B12-484353147A87}.Debug|x86.Build.0 = Debug|Win32
		{96BA57EE-8059-410E-8B12-484353147A87}.Release|x64.ActiveCfg = Release|x64
		{96BA57EE-8059-410E-8B12-484353147A87}.Release|x64.Build.0 = Release|x64
		{96BA57EE-8059-410E-8B12-484353147A87}.Release|x86.ActiveCfg = Release|Win32
		{96BA57EE-8059-410E-8B12-484353147A87}.Release|x86.Build.0 = Release|Win32
		{19E0FBE9-024C-42FF-B12F-E47FCE050E9A}.Debug|x64.ActiveCfg = Debug|x64
		{19E0FBE9-024C-42FF-B12F-E47FCE050E9A}.Debug|x64.Build.0 = Debug|x64
		{19E0FBE9-024C-42FF-B12F-E47FCE050E9A}.Debug|x86.ActiveCfg = Debug|Win32
		{19E0FBE9-024C-42FF-B12F-E47FCE050E9A}.Debug|x86.Build.0 = Debug|Win32
		{19E0FBE9-024C-42FF-B12F-E47FCE050E9A}.Release|x64.ActiveCfg = Release|x64
		{19E0FBE9-024C-42FF-B12F-E47FCE050E9A}.Release|x64.Build.0 = Release|x64
		{19E0FBE9-024C-42FF-B12F-E47FCE050E9A}.Release|x86.ActiveCfg = Release|Win32
		{19E0FBE9-024C-42FF-B12F-E47FCE050E9A}.Release|x86.Build.0 = Release|Win32
		{98C41DAC-DB27-4D9A-AF59-07A7A4FC3829}.Debug|x64.ActiveCfg = Debug|x64
		{98C41DAC-DB27-4D9A-AF59-07A7A4FC3829}.Debug|x64.Build.0 = Debug|x64
		{98C41DAC-DB27-4D9A-AF59-07A7A4FC3829}.Debug|x86.ActiveCfg = Debug|Win32
		{98C41DAC-DB27-4D9A-AF59-07A7A4FC3829}.Debug|x86.Build.0 = Debug|Win32
		{98C41DAC-DB27-4D9A-AF59-07A7A4FC3829}.Release|x64.ActiveCfg = Release|x64
		{98C41DAC-DB27-4D9A-AF59-07A7A4FC3829}.Release|x64.Build.0 = Release|x64
		{98C41DAC-DB27-4D9A-AF59-07A7A4FC3829}.Release|x86.ActiveCfg = Release|Win32
		{98C41DAC-DB27-4D9A-AF59-07A7A4FC3829}.Release|x86.Build.0 = Release|Win32
		{FD9F93AF-2821-4B45-A477-B39DBDDAC864}.Debug|x64.ActiveCfg = Debug|x64
		{FD9F93AF-2821-4B45-A477-B39DBDDAC864}.Debug|x64.Build.0 = Debug|x64
		{FD9F93AF-2821-4B45-A477-B39DBDDAC864}.Debug|x86.ActiveCfg = Debug|Win32
		{FD9F93AF-2821-4B45-A477-B39DBDDAC864}.Debug|x86.Build.0 = Debug|Win32
		{FD9F93AF-2821-4B45-A477-B39DBDDAC864}.Release|x64.ActiveCfg = Release|x64
		{FD9F93AF-2821-4B45-A477-B39DBDDAC864}.Release|x64.Build.0 = Release|x64
		{FD9F93AF-2821-4B45-A477-B39DBDDAC864}.Release|x86.ActiveCfg = Release|Win32
		{FD9F93AF-2821-4B45-A477-B39DBDDAC864}.Release|x86.Build.0 = Release|Win32
		{80531E02-A925-4CDA-A18C-DB66147DC021}.Debug|x64.ActiveCfg = Debug|x64
		{80531E02-A925-4CDA-A18C-DB66147DC021}.Debug|x64.Build.0 = Debug|x64
		{80531E02-A925-4CDA-A18C-DB66147DC021}.Debug|x86.ActiveCfg = Debug|Win32
		{80531E02-A925-4CDA-A18C-DB66147DC021}.Debug|x86.Build.0 = Debug|Win32
		{80531E02-A925-4CDA-A18C-DB66147DC021}.Release|x64.ActiveCfg = Release|x64
		{80531E02-A925-4CDA-A18C-DB66147DC021}.Release|x64.Build.0 = Release|x64
		{80531E02-A925-4CDA-A18C-DB66147DC021}.Release|x86.ActiveCfg = Release|Win32
		{80531E02-A925-4CDA-A18C-DB66147DC021}.Release|x86.Build.0 = Release|Win32
		{F85956C4-CB9C-4428-A591-AE5717AC2BFF}.Debug|x64.ActiveCfg = Debug|x64
		{F85956C4-CB9C-4428-A591-AE5717AC2BFF}.Debug|x64.Build.0 = Debug|x64
		{F85956C4-CB9C-4428-A591-AE5717AC2BFF}.Debug|x86.ActiveCfg = Debug|Win32
		{F85956C4-CB9C-4428-A591-AE5717AC2BFF}.Debug|x86.Build.0 = Debug|Win32
		{F85956C4-CB9C-4428-A591-AE5717AC2BFF}.Release|x64.ActiveCfg = Release|x64
		{F85956C4-CB9C-4428-A591-AE5717AC2BFF}.Release|x64.Build.0 = Release|x64
		{F85956C4-CB9C-4428-A591-AE5717AC2BFF}.Release|x86.ActiveCfg = Release|Win32
		{F85956C4-CB9C-4428-A591-AE5717AC2BFF}.Release|x86.Build.0 = Release|Win32
		{B087614A-68E3-4B3C-88E4-63186B884165}.Debug|x64.ActiveCfg = Debug|x64
		{B087614A-68E3-4B3C-88E4-63186B884165}.Debug|x64.Build.0 = Debug|x64
		{B087614A-68E3-4B3C-88E4-63186B884165}.Debug|x86.ActiveCfg = Debug|Win32
		{B087614A-68E3-4B3C-88E4-63186B884165}.Debug|x86.Build.0 = Debug|Win32
		{B087614A-68E3-4B3C-88E4-63186B884165}.Release|x64.ActiveCfg = Release|x64
		{B087614A-68E3-4B3C-88E4-63186B884165}.Release|x64.Build.0 = Release|x64
		{B087614A-68E3-4B3C-88E4-63186B884165}.Release|x86.ActiveCfg = Release|Win32
		{B087614A-68E3-4B3C-88E4-63186B884165}.Release|x86.Build.0 = Release|Win32
		{67242EDD-FC4D-4A1D-BC8A-5E848011B0DD}.Debug|x64.ActiveCfg = Debug|x64
		{67242EDD-FC4D-4A1D-BC8A-5E848011B0DD}.Debug|x64.Build.0 = Debug|x64
		{67242EDD-FC4D-4A1D-BC8A-5E848011B0DD}.Debug|x86.ActiveCfg = Debug|Win32
		{67242EDD-FC4D-4A1D-BC8A-5E848011B0DD}.Debug|x86.Build.0 = Debug|Win32
		{67242EDD-FC4D-4A1D-BC8A-5E848011B0DD}.Release|x64.ActiveCfg = Release|x64
		{67242EDD-FC4D-4A1D-BC8A-5E848011B0DD}.Release|x64.Build.0 = Release|x64
		{67242EDD-FC4D-4A1D-BC8A-5E848011B0DD}.Release|x86.ActiveCfg = Release|Win32
		{67242EDD-FC4D-4A1D-BC8A-5E848011B0DD}.Release|x86.Build.0 = Release|Win32
		{D76CE140-0AE3-473A-B6D2-9331FDAFAFC4}.Debug|x64.ActiveCfg = Debug|x64
		{D76CE140-0AE3-473A-B6D2-9331FDAFAFC4}.Debug|x64.Build.0 = Debug|x64
		{D76CE140-0AE3-473A-B6D2-9331FDAFAFC4}.Debug|x86.ActiveCfg = Debug|Win32
		{D76CE140-0AE3-473A-B6D2-9331FDAFAFC4}.Debug|x86.Build.0 = Debug|Win32
		{D76CE140-0AE3-473A-B6D2-9331FDAFAFC4}.Release|x64.ActiveCfg = Release|x64
		{D76CE140-0AE3-473A-B6D2-9331FDAFAFC4}.Release|x64.Build.0 = Release|x64
		{D76CE140-0AE3-473A-B6D2-9331FDAFAFC4}.Release|x86.ActiveCfg = Release|Win32
		{D76CE140-0AE3-473A-B6D2-9331FDAFAFC4}.Release|x86.Build.0 = Release|Win32
		{807ED2D2-001C-41D8-9C96-D0757D5B5A16}.Debug|x64.ActiveCfg = Debug|x64
		{807ED2D2-001C-41D8-9C96-D0757D5B5A16}.Debug|x64.Build.0 = Debug|x64
		{807ED2D2-001C-41D8-9C96-D0757D5B5A16}.Debug|x86.ActiveCfg = Debug|Win32
		{807ED2D2-001C-41D8-9C96-D0757D5B5A16}.Debug|x86.Build.0 = Debug|Win32
		{807ED2D2-001C-41D8-9C96-D0757D5B5A16}.Release|x64.ActiveCfg = Release|x64
		{807ED2D2-001C-41D8-9C96-D0757D5B5A16}.Release|x64.Build.0 = Release|x64
		{807ED2D2-001C-41D8-9C96-D0757D5B5A16}.Release|x86.ActiveCfg = Release|Win32
		{807ED2D2-001C-41D8-9C96-D0757D5B5A16}.Release|x86.Build.0 = Release|Win32
		{FD34D307-B07D-4E6D-B250-EA44AD7770CE}.Debug|x64.ActiveCfg = Debug|x64
		{FD34D307-B07D-4E6D-B250-EA44AD7770CE}.Debug|x64.Build.0 = Debug|x64
		{FD34D307-B07D-4E6D-B250-EA44AD7770CE}.Debug|x86.ActiveCfg = Debug|Win32
		{FD34D307-B07D-4E6D-B250-EA44AD7770CE}.Debug|x86.Build.0 = Debug|Win32
		{FD34D307-B07D-4E6D-B250-EA44AD7770CE}.Release|x64.ActiveCfg = Release|x64
		{FD34D307-B07D-4E6D-B250-EA44AD7770CE}.Release|x64.Build.0 = Release|x64
		{FD34D307-B07D-4E6D-B250-EA44AD7770CE}.Release|x86.ActiveCfg = Release|Win32
		{FD34D307-B07D-4E6D-B250-EA44AD7770CE}.Release|x86.Build.0 = Release|Win32
		{F2F67AAC-5BFB-4876-B66B-3919D70428B5}.Debug|x64.ActiveCfg = Debug|x64
		{F2F67AAC-5BFB-4876-B66B-3919D70428B5}.Debug|x64.Build.0 = Debug|x64
		{F2F67AAC-5BFB-4876-B66B-3919D70428B5}.Debug|x86.ActiveCfg = Debug|Win32
		{F2F67AAC-5BFB-4876-B66B-3919D70428B5}.Debug|x86.Build.0 = Debug|Win32
		{F2F67AAC-5BFB-4876-B66B-3919D70428B5}.Release|x64.ActiveCfg = Release|x64
		{F2F67AAC-5BFB-4876-B66B-3919D70428B5}.Release|x64.Build.0 = Release|x64
		{F2F67AAC-5BFB-4876-B66B-3919D70428B5}.Release|x86.ActiveCfg = Release|Win32
		{F2F67AAC-5BFB-4876-B66B-3919D70428B5}.Release|x86.Build.0 = Release|Win32
		{3AA542CC-B191-43F5-8422-C1C91B813350}.Debug|x64.ActiveCfg = Debug|x64
		{3AA542CC-B191-43F5-8422-C1C91B813350}.Debug|x64.Build.0 = Debug|x64
		{3AA542CC-B191-43F5-8422-C1C91B813350}.Debug|x86.ActiveCfg = Debug|Win32
		{3AA542CC-B191-43F5-8422-C1C91B813350}.Debug|x86.Build.0 = Debug|Win32
		{3AA542CC-B191-43F5-8422-C1C91B813350}.Release|x64.ActiveCfg = Release|x64
		{3AA542CC-B191-43F5-8422-C1C91B813350}.Release|x64.Build.0 = Release|x64
		{3AA542CC-B191-43F5-8422-C1C91B813350}.Release|x86.ActiveCfg = Release|Win32
		{3AA542CC-B191-43F5-8422-C1C91B813350}.Release|x86.Build.0 = Release|Win32
		{3C318683-D8CB-4823-8A0D-9B3D7AF32368}.Debug|x64.ActiveCfg = Debug|x64
		{3C318683-D8CB-4823-8A0D-9B3D7AF32368}.Debug|x64.Build.0 = Debug|x64
		{3C318683-D8CB-4823-8A0D-9B3D7AF32368}.Debug|x86.ActiveCfg = Debug|Win32
		{3C318683-D8CB-4823-8A0D-9B3D7AF32368}.Debug|x86.Build.0 = Debug|Win32
		{3C318683-D8CB-4823-8A0D-9B3D7AF32368}.Release|x64.ActiveCfg = Release|x64
		{3C318683-D8CB-4823-8A0D-9B3D7AF32368}.Release|x64.Build.0 = Release|x64
		{3C318683-D8CB-4823-8A0D-9B3D7AF32368}.Release|x86.ActiveCfg = Release|Win32
		{3C318683-D8CB-4823-8A0D-9B3D7AF32368}.Release|x86.Build.0 = Release|Win32
		{891EF0F1-FA94-40B3-8CDF-FE22901A2B36}.Debug|x64.ActiveCfg = Debug|x64
		{891EF0F1-FA94-40B3-8CDF-FE22901A2B36}.Debug|x64.Build.0 = Debug|x64
		{891EF0F1-FA94-40B3-8CDF-FE22901A2B36}.Debug|x86.ActiveCfg = Debug|Win32
		{891EF0F1-FA94-40B3-8CDF-FE22901A2B36}.Debug|x86.Build.0 = Debug|Win32
		{891EF0F1-FA94-40B3-8CDF-FE22901A2B36}.Release|x64.ActiveCfg = Release|x64
		{891EF0F1-FA94-40B3-8CDF-FE22901A2B36}.Release|x64.Build.0 = Release|x64
		{891EF0F1-FA94-40B3-8CDF-FE22901A2B36}.Release|x86.ActiveCfg = Release|Win32
		{891EF0F1-FA94-40B3-8CDF-FE22901A2B36}.Release|x86.Build.0 = Release|Win32
		{94472A85-31A3-4341-8909-AB4DF29AF821}.Debug|x64.ActiveCfg = Debug|x64
		{94472A85-31A3-4341-8909-AB4DF29AF821}.Debug|x64.Build.0 = Debug|x64
		{94472A85-31A3-4341-8909-AB4DF29AF821}.Debug|x86.ActiveCfg = Debug|Win32
		{94472A85-31A3-4341-8909-AB4DF29AF821}.Debug|x86.Build.0 = Debug|Win32
		{94472A85-31A3-4341-8909-AB4DF29AF821}.Release|x64.ActiveCfg = Release|x64
		{94472A85-31A3-4341-8909-AB4DF29AF821}.Release|x64.Build.0 = Release|x64
		{94472A85-31A3-4341-8909-AB4DF29AF821}.Release|x86.ActiveCfg = Release|Win32
		{94472A85-31A3-4341-8909-AB4DF29AF821}.Release|x86.Build.0 = Release|Win32
		{34B7C7A5-814C-470E-8972-01FAF8AAB956}.Debug|x64.ActiveCfg = Debug|x64
		{34B7C7A5-814C-470E-8972-01FAF8AAB956}.Debug|x64.Build.0 = Debug|x64
		{34B7C7A5-814C-470E-8972-01FAF8AAB956}.Debug|x86.ActiveCfg = Debug|Win32
		{34B7C7A5-814C-470E-8972-01FAF8AAB956}.Debug|x86.Build.0 = Debug|Win32
		{34B7C7A5-814C-470E-8972-01FAF8AAB956}.Release|x64.ActiveCfg = Release|x64
		{34B7C7A5-814C-470E-8972-01FAF8AAB956}.Release|x64.Build.0 = Release|x64
		{34B7C7A5-814C-470E-8972-01FAF8AAB956}.Release|x86.ActiveCfg = Release|Win32
		{34B7C7A5-814C-470E-8972-01FAF8AAB956}.Release|x86.Build.0 = Release|Win32
		{9037542A-9F32-47F3-8F6F-F7EAB85C8C1B}.Debug|x64.ActiveCfg = Debug|x64
		{9037542A-9F32-47F3-8F6F-F7EAB85C8C1B}.Debug|x64.Build.0 = Debug|x64
		{9037542A-9F32-47F3-8F6F-F7EAB85C8C1B}.Debug|x86.ActiveCfg = Debug|Win32
		{9037542A-9F32-47F3-8F6F-F7EAB85C8C1B}.Debug|x86.Build.0 = Debug|Win32
		{9037542A-9F32-47F3-8F6F-F7EAB85C8C1B}.Release|x64.ActiveCfg = Release|x64
		{9037542A-9F32-47F3-8F6F-F7EAB85C8C1B}.Release|x64.Build.0 = Release|x64
		{9037542A-9F32-47F3-8F6F-F7EAB85C8C1B}.Release|x86.ActiveCfg = Release|Win32
		{9037542A-9F32-47F3-8F6F-F7EAB85C8C1B}.Release|x86.Build.0 = Release|Win32
		{B3EC6D02-33B7-40B2-9884-F075EAAACA8D}.Debug|x64.ActiveCfg = Debug|x64
		{B3EC6D02-33B7-40B2-9884-F075EAAACA8D}.Debug|x64.Build.0 = Debug|x64
		{B3EC6D02-33B7-40B2-9884-F075EAAACA8D}.Debug|x86.ActiveCfg = Debug|Win32
		{B3EC6D02-33B7-40B2-9884-F075EAAACA8D}.Debug|x86.Build.0 = Debug|Win32
		{B3EC6D02-33B7-40B2-9884-F075EAAACA8D}.Release|x64.ActiveCfg = Release|x64
		{B3EC6D02-33B7-40B2-9884-F075EAAACA8D}.Release|x64.Build.0 = Release|x64
		{B3EC6D02-33B7-40B2-9884-F075EAAACA8D}.Release|x86.ActiveCfg = Release|Win32
		{B3EC6D02-33B7-40B2-9884-F075EAAACA8D}.Release|x86.Build.0 = Release|Win32
		{809D809C-81FB-4789-8DD6-DE86E654E5BC}.Debug|x64.ActiveCfg = Debug|x64
		{809D809C-81FB-4789-8DD6-DE86E654E5BC}.Debug|x64.Build.0 = Debug|x64
		{809D809C-81FB-4789-8DD6-DE86E654E5BC}.Debug|x86.ActiveCfg = Debug|Win32
		{809D809C-81FB-4789-8DD6-DE86E654E5BC}.Debug|x86.Build.0 = Debug|Win32
		{809D809C-81FB-4789-8DD6-DE86E654E5BC}.Release|x64.ActiveCfg = Release|x64
		{809D809C-81FB-4789-8DD6-DE86E654E5BC}.Release|x64.Build.0 = Release|x64
		{809D809C-81FB-4789-8DD6-DE86E654E5BC}.Release|x86.ActiveCfg = Release|Win32
		{809D809C-81FB-4789-8DD6-DE86E654E5BC}.Release|x86.Build.0 = Release|Win32
		{EAAF38E8-74ED-4035-8F4F-AA8402E1C3E5}.Debug|x64.ActiveCfg = Debug|x64
		{EAAF38E8-74ED-4035-8F4F-AA8402E1C3E5}.Debug|x64.Build.0 = Debug|x64
		{EAAF38E8-74ED-4035-8F4F-AA8402E1C3E5}.Debug|x86.ActiveCfg = Debug|Win32
		{EAAF38E8-74ED-4035-8F4F-AA8402E1C3E5}.Debug|x86.Build.0 = Debug|Win32
		{EAAF38E8-74ED-4035-8F4F-AA8402E1C3E5}.Release|x64.ActiveCfg = Release|x64
		{EAAF38E8-74ED-4035-8F4F-AA8402E1C3E5}.Release|x64.Build.0 = Release|x64
		{EAAF38E8-74ED-4035-8F4F-AA8402E1C3E5}.Release|x86.ActiveCfg = Release|Win32
		{EAAF38E8-74ED-4035-8F4F-AA8402E1C3E5}.Release|x86.Build.0 = Release|Win32
		{C59F7B54-7600-4B7F-9971-2A30AD20FC10}.Debug|x64.ActiveCfg = Debug|x64
		{C59F7B54-7600-4B7F-9971-2A30AD20FC10}.Debug|x64.Build.0 = Debug|x64
		{C59F7B54-7600-4B7F-9971-2A30AD20FC10}.Debug|x86.ActiveCfg = Debug|Win32
		{C59F7B54-7600-4B7F-9971-2A30AD20FC10}.Debug|x86.Build.0 = Debug|Win32
		{C59F7B54-7600-4B7F-9971-2A30AD20FC10}.Release|x64.ActiveCfg = Release|x64
		{C59F7B54-7600-4B7F-9971-2A30AD20FC10}.Release|x64.Build.0 = Release|x64
		{C59F7B54-7600-4B7F-9971-2A30AD20FC10}.Release|x86.ActiveCfg = Release|Win32
		{C59F7B54-7600-4B7F-9971-2A30AD20FC10}.Release|x86.Build.0 = Release|Win32
		{A3FC8D63-F690-4328-ACD0-34A9B2F53B11}.Debug|x64.ActiveCfg = Debug|x64
		{A3FC8D63-F690-4328-ACD0-34A9B2F53B11}.Debug|x64.Build.0 = Debug|x64
		{A3FC8D63-F690-4328-ACD0-34A9B2F53B11}.Debug|x86.ActiveCfg = Debug|Win32
		{A3FC8D63-F690-4328-ACD0-34A9B2F53B11}.Debug|x86.Build.0 = Debug|Win32
		{A3FC8D63-F690-4328-ACD0-34A9B2F53B11}.Release|x64.ActiveCfg = Release|x64
		{A3FC8D63-F690-4328-ACD0-34A9B2F53B11}.Release|x64.Build.0 = Release|x64
		{A3FC8D63-F690-4328-ACD0-34A9B2F53B11}.Release|x86.ActiveCfg = Release|Win32
		{A3FC8D63-F690-4328-ACD0-34A9B2F53B11}.Release|x86.Build.0 = Release|Win32
		{AC6758F3-3B3E-4DC7-8097-38685F5A00FC}.Debug|x64.ActiveCfg = Debug|x64
		{AC6758F3-3B3E-4DC7-8097-38685F5A00FC}.Debug|x64.Build.0 = Debug|x64
		{AC6758F3-3B3E-4DC7-8097-38685F5A00FC}.Debug|x86.ActiveCfg = Debug|Win32
		{AC6758F3-3B3E-4DC7-8097-38685F5A00FC}.Debug|x86.Build.0 = Debug|Win32
		{AC6758F3-3B3E-4DC7-8097-38685F5A00FC}.Release|x64.ActiveCfg = Release|x64
		{AC6758F3-3B3E-4DC7-8097-38685F5A00FC}.Release|x64.Build.0 = Release|x64
		{AC6758F3-3B3E-4DC7-8097-38685F5A00FC}.Release|x86.ActiveCfg = Release|Win32
		{AC6758F3-3B3E-4DC7-8097-38685F5A00FC}.Release|x86.Build.0 = Release|Win32
		{CCF0F2D3-7D0A-4A82-8C45-51BC61C2EC51}.Debug|x64.ActiveCfg = Debug|x64
		{CCF0F2D3-7D0A-4A82-8C45-51BC61C2EC51}.Debug|x64.Build.0 = Debug|x64
		{CCF0F2D3-7D0A-4A82-8C45-51BC61C2EC51}.Debug|x86.ActiveCfg = Debug|Win32
		{CCF0F2D3-7D0A-4A82-8C45-51BC61C2EC51}.Debug|x86.Build.0 = Debug|Win32
		{CCF0F2D3-7D0A-4A82-8C45-51BC61C2EC51}.Release|x64.ActiveCfg = Release|x64
		{CCF0F2D3-7D0A-4A82-8C45-51BC61C2EC51}.Release|x64.Build.0 = Release|x64
		{CCF0F2D3-7D0A-4A82-8C45-51BC61C2EC51}.Release|x86.ActiveCfg = Release|Win32
		{CCF0F2D3-7D0A-4A82-8C45-51BC61C2EC51}.Release|x86.Build.0 = Release|Win32
		{A78310A9-0397-4628-9A24-DB58D8F8AE32}.Debug|x64.ActiveCfg = Debug|x64
		{A78310A9-0397-4628-9A24-DB58D8F8AE32}.Debug|x64.Build.0 = Debug|x64
		{A78310A9-0397-4628-9A24-DB58D8F8AE32}.Debug|x86.ActiveCfg = Debug|Win32
		{A78310A9-0397-4628-9A24-DB58D8F8AE32}.Debug|x86.Build.0 = Debug|Win32
		{A78310A9-0397-4628-9A24-DB58D8F8AE32}.Release|x64.ActiveCfg = Release|x64
		{A78310A9-0397-4628-9A24-DB58D8F8AE32}.Release|x64.Build.0 = Release|x64
		{A78310A9-0397-4628-9A24-DB58D8F8AE32}.Release|x86.ActiveCfg = Release|Win32
		{A78310A9-0397-4628-9A24-DB58D8F8AE32}.Release|x86.Build.0 = Release|Win32
		{7AE15F22-FD9D-4A4E-8AEE-857577E4C9DF}.Debug|x64.ActiveCfg = Debug|x64
		{7AE15F22-FD9D-4A4E-8AEE-857577E4C9DF}.Debug|x64.Build.0 = Debug|x64
		{7AE15F22-FD9D-4A4E-8AEE-857577E4C9DF}.Debug|x86.ActiveCfg = Debug|Win32
		{7AE15F22-FD9D-4A4E-8AEE-857577E4C9DF}.Debug|x86.Build.0 = Debug|Win32
		{7AE15F22-FD9D-4A4E-8AEE-857577E4C9DF}.Release|x64.ActiveCfg = Release|x64
		{7AE15F22-FD9D-4A4E-8AEE-857577E4C9DF}.Release|x64.Build.0 = Release|x64
		{7AE15F22-FD9D-4A4E-8AEE-857577E4C9DF}.Release|x86.ActiveCfg = Release|Win32
		{7AE15F22-FD9D-4A4E-8AEE-857577E4C9DF}.Release|x86.Build.0 = Release|Win32
		{9B9D31A7-C55F-4792-A816-46A54A9688D7}.Debug|x64.ActiveCfg = Debug|x64
		{9B9D31A7-C55F-4792-A816-46A54A9688D7}.Debug|x64.Build.0 = Debug|x64
		{9B9D31A7-C55F-4792-A816-46A54A9688D7}.Debug|x86.ActiveCfg = Debug|Win32
		{9B9D31A7-C55F-4792-A816-46A54A9688D7}.Debug|x86.Build.0 = Debug|Win32
		{9B9D31A7-C55F-4792-A816-46A54A9688D7}.Release|x64.ActiveCfg = Release|x64
		{9B9D31A7-C55F-4792-A816-46A54A9688D7}.Release|x64.Build.0 = Release|x64
		{9B9D31A7-C55F-4792-A816-46A54A9688D7}.Release|x86.ActiveCfg = Release|Win32
		{9B9D31A7-C55F-4792-A816-46A54A9688D7}.Release|x86.Build.0 = Release|Win32
		{AECBF5BF-D0A3-4D7F-91C8-7C5495E7408A}.Debug|x64.ActiveCfg = Debug|x64
		{AECBF5BF-D0A3-4D7F-91C8-7C5495E7408A}.Debug|x64.Build.0 = Debug|x64
		{AECBF5BF-D0A3-4D7F-91C8-7C5495E7408A}.Debug|x86.ActiveCfg = Debug|Win32
		{AECBF5BF-D0A3-4D7F-91C8-7C5495E7408A}.Debug|x86.Build.0 = Debug|Win32
		{AECBF5BF-D0A3-4D7F-91C8-7C5495E7408A}.Release|x64.ActiveCfg = Release|x64
		{AECBF5BF-D0A3-4D7F-91C8-7C5495E7408A}.Release|x64.Build.0 = Release|x64
		{AECBF5BF-D0A3-4D7F-91C8-7C5495E7408A}.Release|x86.ActiveCfg = Release|Win32
		{AECBF5BF-D0A3-4D7F-91C8-7C5495E7408A}.Release|x86.Build.0 = Release|Win32
		{5653305C-314C-4F1A-9472-4D43B19F3000}.Debug|x64.ActiveCfg = Debug|x64
		{5653305C-314C-4F1A-9472-4D43B19F3000}.Debug|x64.Build.0 = Debug|x64
		{5653305C-314C-4F1A-9472-4D43B19F3000}.Debug|x86.ActiveCfg = Debug|Win32
		{5653305C-314C-4F1A-9472-4D43B19F3000}.Debug|x86.Build.0 = Debug|Win32
		{5653305C-314C-4F1A-9472-4D43B19F3000}.Release|x64.ActiveCfg = Release|x64
		{5653305C-314C-4F1A-9472-4D43B19F3000}.Release|x64.Build.0 = Release|x64
		{5653305C-314C-4F1A-9472-4D43B19F3000}.Release|x86.ActiveCfg = Release|Win32
		{5653305C-314C-4F1A-9472-4D43B19F3000}.Release|x86.Build.0 = Release|Win32
		{B017D181-9664-41EE-8A99-26D18DE83716}.Debug|x64.ActiveCfg = Debug|x64
		{B017D181-9664-41EE-8A99-26D18DE83716}.Debug|x64.Build.0 = Debug|x64
		{B017D181-9664-41EE-8A99-26D18DE83716}.Debug|x86.ActiveCfg = Debug|Win32
		{B017D181-9664-41EE-8A99-26D18DE83716}.Debug|x86.Build.0 = Debug|Win32
		{B017D181-9664-41EE-8A99-26D18DE83716}.Release|x64.ActiveCfg = Release|x64
		{B017D181-9664-41EE-8A99-26D18DE83716}.Release|x64.Build.0 = Release|x64
		{B017D181-9664-41EE-8A99-26D18DE83716}.Release|x86.ActiveCfg = Release|Win32
		{B017D181-9664-41EE-8A99-26D18DE83716}.Release|x86.Build.0 = Release|Win32
		{8F29D733-2EC6-4FB6-816C-E0549FCD6578}.Debug|x64.ActiveCfg = Debug|x64
		{8F29D733-2EC6-4FB6-816C-E0549FCD6578}.Debug|x64.Build.0 = Debug|x64
		{8F29D733-2EC6-4FB6-816C-E0549FCD6578}.Debug|x86.ActiveCfg = Debug|Win32
		{8F29D733-2EC6-4FB6-816C-E0549FCD6578}.Debug|x86.Build.0 = Debug|Win32
		{8F29D733-2EC6-4FB6-816C-E0549FCD6578}.Release|x64.ActiveCfg = Release|x64
		{8F29D733-2EC6-4FB6-816C-E0549FCD6578}.Release|x64.Build.0 = Release|x64
		{8F29D733-2EC6-4FB6-816C-E0549FCD6578}.Release|x86.ActiveCfg = Release|Win32
		{8F29D733-2EC6-4FB6-816C-E0549FCD6578}.Release|x86.Build.0 = Release|Win32
		{CDCEEDA8-43E2-40DD-AF98-130C019BD96A}.Debug|x64.ActiveCfg = Debug|x64
		{CDCEEDA8-43E2-40DD-AF98-130C019BD96A}.Debug|x64.Build.0 = Debug|x64
		{CDCEEDA8-43E2-40DD-AF98-130C019BD96A}.Debug|x86.ActiveCfg = Debug|Win32
		{CDCEEDA8-43E2-40DD-AF98-130C019BD96A}.Debug|x86.Build.0 = Debug|Win32
		{CDCEEDA8-43E2-40DD-AF98-130C019BD96A}.Release|x64.ActiveCfg = Release|x64
		{CDCEEDA8-43E2-40DD-AF98-130C019BD96A}.Release|x64.Build.0 = Release|x64
		{CDCEEDA8-43E2-40DD-AF98-130C019BD96A}.Release|x86.ActiveCfg = Release|Win32
		{CDCEEDA8-43E2-40DD-AF98-130C019BD96A}.Release|x86.Build.0 = Release|Win32
		{6433E592-CA03-4CFE-AC58-19512E4CFF5F}.Debug|x64.ActiveCfg = Debug|x64
		{6433E592-CA03-4CFE-AC58-19512E4CFF5F}.Debug|x64.Build.0 = Debug|x64
		{6433E592-CA03-4CFE-AC58-19512E4CFF5F}.Debug|x86.ActiveCfg = Debug|Win32
		{6433E592-CA03-4CFE-AC58-19512E4CFF5F}.Debug|x86.Build.0 = Debug|Win32
		{6433E592-CA03-4CFE-AC58-19512E4CFF5F}.Release|x64.ActiveCfg = Release|x64
		{6433E592-CA03-4CFE-AC58-19512E4CFF5F}.Release|x64.Build.0 = Release|x64
		{6433E592-CA03-4CFE-AC58-19512E4CFF5F}.Release|x86.ActiveCfg = Release|Win32
		{6433E592-CA03-4CFE-AC58-19512E4CFF5F}.Release|x86.Build.0 = Release|Win32
		{8AA2B921-93C7-437A-9856-72C5FAEE687B}.Debug|x64.ActiveCfg = Debug|x64
		{8AA2B921-93C7-437A-9856-72C5FAEE687B}.Debug|x64.Build.0 = Debug|x64
		{8AA2B921-93C7-437A-9856-72C5FAEE687B}.Debug|x86.ActiveCfg = Debug|Win32
		{8AA2B921-93C7-437A-9856-72C5FAEE687B}.Debug|x86.Build.0 = Debug|Win32
		{8AA2B921-93C7-437A-9856-72C5FAEE687B}.Release|x64.ActiveCfg = Release|x64
		{8AA2B921-93C7-437A-9856-72C5FAEE687B}.Release|x64.Build.0 = Release|x64
		{8AA2B921-93C7-437A-9856-72C5FAEE687B}.Release|x86.ActiveCfg = Release|Win32
		{8AA2B921-93C7-437A-9856-72C5FAEE687B}.Release|x86.Build.0 = Release|Win32
		{8C73BDA5-C665-4D09-BD9A-4C08C03EB57B}.Debug|x64.ActiveCfg = Debug|x64
		{8C73BDA5-C665-4D09-BD9A-4C08C03EB57B}.Debug|x64.Build.0 = Debug|x64
		{8C73BDA5-C665-4D09-BD9A-4C08C03EB57B}.Debug|x86.ActiveCfg = Debug|Win32
		{8C73BDA5-C665-4D09-BD9A-4C08C03EB57B}.Debug|x86.Build.0 = Debug|Win32
		{8C73BDA5-C665-4D09-BD9A-4C08C03EB57B}.Release|x64.ActiveCfg = Release|x64
		{8C73BDA5-C665-4D09-BD9A-4C08C03EB57B}.Release|x64.Build.0 = Release|x64
		{8C73BDA5-C665-4D09-BD9A-4C08C03EB57B}.Release|x86.ActiveCfg = Release|Win32
		{8C73BDA5-C665-4D09-BD9A-4C08C03EB57B}.Release|x86.Build.0 = Release|Win32
		{67F50048-5589-4778-A76A-A5156D025A74}.Debug|x64.ActiveCfg = Debug|x64
		{67F50048-5589-4778-A76A-A5156D025A74}.Debug|x64.Build.0 = Debug|x64
		{67F50048-5589-4778-A76A-A5156D025A74}.Debug|x86.ActiveCfg = Debug|Win32
		{67F50048-5589-4778-A76A-A5156D025A74}.Debug|x86.Build.0 = Debug|Win32
		{67F50048-5589-4778-A76A-A5156D025A74}.Release|x64.ActiveCfg = Release|x64
		{67F50048-5589-4778-A76A-A5156D025A74}.Release|x64.Build.0 = Release|x64
		{67F50048-5589-4778-A76A-A5156D025A74}.Release|x86.ActiveCfg = Release|Win32
		{67F50048-5589-4778-A76A-A5156D025A74}.Release|x86.Build.0 = Release|Win32
	EndGlobalSection
	GlobalSection(SolutionProperties) = preSolution
		HideSolutionNode = FALSE
	EndGlobalSection
EndGlobal
