// !$*UTF8*$!
{
	archiveVersion = 1;
	classes = {
	};
	objectVersion = 46;
	objects = {

/* Begin PBXBuildFile section */
		8A6813211F024B0C00496B93 /* main.cpp in Sources */ = {isa = PBXBuildFile; fileRef = 8A6813201F024B0C00496B93 /* main.cpp */; };
		8A68137B1F0273F000496B93 /* RandomUtil.cpp in Sources */ = {isa = PBXBuildFile; fileRef = 8A6813791F0273F000496B93 /* RandomUtil.cpp */; };
/* End PBXBuildFile section */

/* Begin PBXCopyFilesBuildPhase section */
		8A68131B1F024B0C00496B93 /* CopyFiles */ = {
			isa = PBXCopyFilesBuildPhase;
			buildActionMask = 2147483647;
			dstPath = /usr/share/man/man1/;
			dstSubfolderSpec = 0;
			files = (
			);
			runOnlyForDeploymentPostprocessing = 1;
		};
/* End PBXCopyFilesBuildPhase section */

/* Begin PBXFileReference section */
		8A68131D1F024B0C00496B93 /* 30_MultithreadingTimingProtection */ = {isa = PBXFileReference; explicitFileType = "compiled.mach-o.executable"; includeInIndex = 0; path = 30_MultithreadingTimingProtection; sourceTree = BUILT_PRODUCTS_DIR; };
		8A6813201F024B0C00496B93 /* main.cpp */ = {isa = PBXFileReference; lastKnownFileType = sourcecode.cpp.cpp; path = main.cpp; sourceTree = "<group>"; };
		8A6813791F0273F000496B93 /* RandomUtil.cpp */ = {isa = PBXFileReference; fileEncoding = 4; lastKnownFileType = sourcecode.cpp.cpp; path = RandomUtil.cpp; sourceTree = "<group>"; };
		8A68137A1F0273F000496B93 /* RandomUtil.h */ = {isa = PBXFileReference; fileEncoding = 4; lastKnownFileType = sourcecode.c.h; path = RandomUtil.h; sourceTree = "<group>"; };
/* End PBXFileReference section */

/* Begin PBXFrameworksBuildPhase section */
		8A68131A1F024B0C00496B93 /* Frameworks */ = {
			isa = PBXFrameworksBuildPhase;
			buildActionMask = 2147483647;
			files = (
			);
			runOnlyForDeploymentPostprocessing = 0;
		};
/* End PBXFrameworksBuildPhase section */

/* Begin PBXGroup section */
		8A6813141F024B0C00496B93 = {
			isa = PBXGroup;
			children = (
				8A68131F1F024B0C00496B93 /* 30_MultithreadingTimingProtection */,
				8A68131E1F024B0C00496B93 /* Products */,
			);
			sourceTree = "<group>";
		};
		8A68131E1F024B0C00496B93 /* Products */ = {
			isa = PBXGroup;
			children = (
				8A68131D1F024B0C00496B93 /* 30_MultithreadingTimingProtection */,
			);
			name = Products;
			sourceTree = "<group>";
		};
		8A68131F1F024B0C00496B93 /* 30_MultithreadingTimingProtection */ = {
			isa = PBXGroup;
			children = (
				8A6813201F024B0C00496B93 /* main.cpp */,
				8A6813791F0273F000496B93 /* RandomUtil.cpp */,
				8A68137A1F0273F000496B93 /* RandomUtil.h */,
			);
			path = 30_MultithreadingTimingProtection;
			sourceTree = "<group>";
		};
/* End PBXGroup section */

/* Begin PBXNativeTarget section */
		8A68131C1F024B0C00496B93 /* 30_MultithreadingTimingProtection */ = {
			isa = PBXNativeTarget;
			buildConfigurationList = 8A6813241F024B0C00496B93 /* Build configuration list for PBXNativeTarget "30_MultithreadingTimingProtection" */;
			buildPhases = (
				8A6813191F024B0C00496B93 /* Sources */,
				8A68131A1F024B0C00496B93 /* Frameworks */,
				8A68131B1F024B0C00496B93 /* CopyFiles */,
			);
			buildRules = (
			);
			dependencies = (
			);
			name = 30_MultithreadingTimingProtection;
			productName = 30_MultithreadingTimingProtection;
			productReference = 8A68131D1F024B0C00496B93 /* 30_MultithreadingTimingProtection */;
			productType = "com.apple.product-type.tool";
		};
/* End PBXNativeTarget section */

/* Begin PBXProject section */
		8A6813151F024B0C00496B93 /* Project object */ = {
			isa = PBXProject;
			attributes = {
				LastUpgradeCheck = 0830;
				ORGANIZATIONNAME = "Gabriel Oarga";
				TargetAttributes = {
					8A68131C1F024B0C00496B93 = {
						CreatedOnToolsVersion = 8.3.3;
						DevelopmentTeam = Q8336VG5VU;
						ProvisioningStyle = Automatic;
					};
				};
			};
			buildConfigurationList = 8A6813181F024B0C00496B93 /* Build configuration list for PBXProject "30_MultithreadingTimingProtection" */;
			compatibilityVersion = "Xcode 3.2";
			developmentRegion = English;
			hasScannedForEncodings = 0;
			knownRegions = (
				en,
			);
			mainGroup = 8A6813141F024B0C00496B93;
			productRefGroup = 8A68131E1F024B0C00496B93 /* Products */;
			projectDirPath = "";
			projectRoot = "";
			targets = (
				8A68131C1F024B0C00496B93 /* 30_MultithreadingTimingProtection */,
			);
		};
/* End PBXProject section */

/* Begin PBXSourcesBuildPhase section */
		8A6813191F024B0C00496B93 /* Sources */ = {
			isa = PBXSourcesBuildPhase;
			buildActionMask = 2147483647;
			files = (
				8A68137B1F0273F000496B93 /* RandomUtil.cpp in Sources */,
				8A6813211F024B0C00496B93 /* main.cpp in Sources */,
			);
			runOnlyForDeploymentPostprocessing = 0;
		};
/* End PBXSourcesBuildPhase section */

/* Begin XCBuildConfiguration section */
		8A6813221F024B0C00496B93 /* Debug */ = {
			isa = XCBuildConfiguration;
			buildSettings = {
				ALWAYS_SEARCH_USER_PATHS = NO;
				CLANG_ANALYZER_NONNULL = YES;
				CLANG_ANALYZER_NUMBER_OBJECT_CONVERSION = YES_AGGRESSIVE;
				CLANG_CXX_LANGUAGE_STANDARD = "gnu++0x";
				CLANG_CXX_LIBRARY = "libc++";
				CLANG_ENABLE_MODULES = YES;
				CLANG_ENABLE_OBJC_ARC = YES;
				CLANG_WARN_BOOL_CONVERSION = YES;
				CLANG_WARN_CONSTANT_CONVERSION = YES;
				CLANG_WARN_DIRECT_OBJC_ISA_USAGE = YES_ERROR;
				CLANG_WARN_DOCUMENTATION_COMMENTS = YES;
				CLANG_WARN_EMPTY_BODY = YES;
				CLANG_WARN_ENUM_CONVERSION = YES;
				CLANG_WARN_INFINITE_RECURSION = YES;
				CLANG_WARN_INT_CONVERSION = YES;
				CLANG_WARN_OBJC_ROOT_CLASS = YES_ERROR;
				CLANG_WARN_SUSPICIOUS_MOVE = YES;
				CLANG_WARN_UNREACHABLE_CODE = YES;
				CLANG_WARN__DUPLICATE_METHOD_MATCH = YES;
				CODE_SIGN_IDENTITY = "-";
				COPY_PHASE_STRIP = NO;
				DEBUG_INFORMATION_FORMAT = dwarf;
				ENABLE_STRICT_OBJC_MSGSEND = YES;
				ENABLE_TESTABILITY = YES;
				GCC_C_LANGUAGE_STANDARD = gnu99;
				GCC_DYNAMIC_NO_PIC = NO;
				GCC_NO_COMMON_BLOCKS = YES;
				GCC_OPTIMIZATION_LEVEL = 0;
				GCC_PREPROCESSOR_DEFINITIONS = (
					"DEBUG=1",
					"$(inherited)",
				);
				GCC_WARN_64_TO_32_BIT_CONVERSION = YES;
				GCC_WARN_ABOUT_RETURN_TYPE = YES_ERROR;
				GCC_WARN_UNDECLARED_SELECTOR = YES;
				GCC_WARN_UNINITIALIZED_AUTOS = YES_AGGRESSIVE;
				GCC_WARN_UNUSED_FUNCTION = YES;
				GCC_WARN_UNUSED_VARIABLE = YES;
				MACOSX_DEPLOYMENT_TARGET = 10.12;
				MTL_ENABLE_DEBUG_INFO = YES;
				ONLY_ACTIVE_ARCH = YES;
				SDKROOT = macosx;
			};
			name = Debug;
		};
		8A6813231F024B0C00496B93 /* Release */ = {
			isa = XCBuildConfiguration;
			buildSettings = {
				ALWAYS_SEARCH_USER_PATHS = NO;
				CLANG_ANALYZER_NONNULL = YES;
				CLANG_ANALYZER_NUMBER_OBJECT_CONVERSION = YES_AGGRESSIVE;
				CLANG_CXX_LANGUAGE_STANDARD = "gnu++0x";
				CLANG_CXX_LIBRARY = "libc++";
				CLANG_ENABLE_MODULES = YES;
				CLANG_ENABLE_OBJC_ARC = YES;
				CLANG_WARN_BOOL_CONVERSION = YES;
				CLANG_WARN_CONSTANT_CONVERSION = YES;
				CLANG_WARN_DIRECT_OBJC_ISA_USAGE = YES_ERROR;
				CLANG_WARN_DOCUMENTATION_COMMENTS = YES;
				CLANG_WARN_EMPTY_BODY = YES;
				CLANG_WARN_ENUM_CONVERSION = YES;
				CLANG_WARN_INFINITE_RECURSION = YES;
				CLANG_WARN_INT_CONVERSION = YES;
				CLANG_WARN_OBJC_ROOT_CLASS = YES_ERROR;
				CLANG_WARN_SUSPICIOUS_MOVE = YES;
				CLANG_WARN_UNREACHABLE_CODE = YES;
				CLANG_WARN__DUPLICATE_METHOD_MATCH = YES;
				CODE_SIGN_IDENTITY = "-";
				COPY_PHASE_STRIP = NO;
				DEBUG_INFORMATION_FORMAT = "dwarf-with-dsym";
				ENABLE_NS_ASSERTIONS = NO;
				ENABLE_STRICT_OBJC_MSGSEND = YES;
				GCC_C_LANGUAGE_STANDARD = gnu99;
				GCC_NO_COMMON_BLOCKS = YES;
				GCC_WARN_64_TO_32_BIT_CONVERSION = YES;
				GCC_WARN_ABOUT_RETURN_TYPE = YES_ERROR;
				GCC_WARN_UNDECLARED_SELECTOR = YES;
				GCC_WARN_UNINITIALIZED_AUTOS = YES_AGGRESSIVE;
				GCC_WARN_UNUSED_FUNCTION = YES;
				GCC_WARN_UNUSED_VARIABLE = YES;
				MACOSX_DEPLOYMENT_TARGET = 10.12;
				MTL_ENABLE_DEBUG_INFO = NO;
				SDKROOT = macosx;
			};
			name = Release;
		};
		8A6813251F024B0C00496B93 /* Debug */ = {
			isa = XCBuildConfiguration;
			buildSettings = {
				DEVELOPMENT_TEAM = Q8336VG5VU;
				PRODUCT_NAME = "$(TARGET_NAME)";
			};
			name = Debug;
		};
		8A6813261F024B0C00496B93 /* Release */ = {
			isa = XCBuildConfiguration;
			buildSettings = {
				DEVELOPMENT_TEAM = Q8336VG5VU;
				PRODUCT_NAME = "$(TARGET_NAME)";
			};
			name = Release;
		};
/* End XCBuildConfiguration section */

/* Begin XCConfigurationList section */
		8A6813181F024B0C00496B93 /* Build configuration list for PBXProject "30_MultithreadingTimingProtection" */ = {
			isa = XCConfigurationList;
			buildConfigurations = (
				8A6813221F024B0C00496B93 /* Debug */,
				8A6813231F024B0C00496B93 /* Release */,
			);
			defaultConfigurationIsVisible = 0;
			defaultConfigurationName = Release;
		};
		8A6813241F024B0C00496B93 /* Build configuration list for PBXNativeTarget "30_MultithreadingTimingProtection" */ = {
			isa = XCConfigurationList;
			buildConfigurations = (
				8A6813251F024B0C00496B93 /* Debug */,
				8A6813261F024B0C00496B93 /* Release */,
			);
			defaultConfigurationIsVisible = 0;
			defaultConfigurationName = Release;
		};
/* End XCConfigurationList section */
	};
	rootObject = 8A6813151F024B0C00496B93 /* Project object */;
}
